{
  "name": "@fellesdatakatalog/internal-header",
  "version": "0.5.1",
  "lockfileVersion": 1,
  "requires": true,
  "dependencies": {
    "@babel/runtime": {
      "version": "7.16.3",
      "resolved": "https://registry.npmjs.org/@babel/runtime/-/runtime-7.16.3.tgz",
      "integrity": "sha512-WBwekcqacdY2e9AF/Q7WLFUWmdJGJTkbjqTjoMDgXkVZ3ZRUvOPsLb5KdwISoQVsbP+DQzVZW4Zhci0DvpbNTQ==",
      "requires": {
        "regenerator-runtime": "^0.13.4"
      }
    },
    "@fellesdatakatalog/dropdown-menu": {
      "version": "0.1.5",
      "resolved": "https://registry.npmjs.org/@fellesdatakatalog/dropdown-menu/-/dropdown-menu-0.1.5.tgz",
      "integrity": "sha512-Y14C7DHAyZitOAEMgPTCvZG50CtZ9K19B1yQ59TkUOBiQ3aKqZwUO0D41H0H6/uts/UthQIGWHK3fDPZU2twnQ==",
      "requires": {
        "@fellesdatakatalog/theme": "^0.4.4"
      }
    },
    "@fellesdatakatalog/link": {
      "version": "0.2.7",
      "resolved": "https://registry.npmjs.org/@fellesdatakatalog/link/-/link-0.2.7.tgz",
      "integrity": "sha512-z3Ne9kHQgbUoV7BR2hISBqZHnLafvVReHGbjTCurf6YEj5j4SbzsfTO0zRA6X4vmNL6rsu7HogATT6fDBXM55g==",
      "requires": {
        "@fellesdatakatalog/theme": "^0.4.4"
      }
    },
    "@fellesdatakatalog/skatteetaten-frontend-components": {
      "version": "1.0.0",
      "resolved": "https://registry.npmjs.org/@fellesdatakatalog/skatteetaten-frontend-components/-/skatteetaten-frontend-components-1.0.0.tgz",
      "integrity": "sha512-AE1eXBgwJImGAK1kTdZF7qlHeQhf0Kh90Z7l2enlZtuaLG6hAxat/HgQgPMPy98428B3oHl/Ep8ZWVAy+V0C9Q==",
      "requires": {
        "@reach/auto-id": "0.10.1",
        "@uifabric/merge-styles": "7.11.1",
        "@uifabric/styling": "7.12.0",
        "@uifabric/utilities": "7.16.0",
        "axios": "0.21.1",
        "classnames": "2.2.6",
        "hotkeys-js": "3.8.1",
        "i18next": "19.7.0",
        "material-design-icons": "3.0.1",
        "moment": "2.25.3",
        "office-ui-fabric-react": "7.110.2",
        "prop-types": "15.7.2",
        "react-i18next": "11.7.1",
        "react-transition-group": "4.3.0"
      }
    },
    "@fellesdatakatalog/theme": {
      "version": "0.4.4",
      "resolved": "https://registry.npmjs.org/@fellesdatakatalog/theme/-/theme-0.4.4.tgz",
      "integrity": "sha512-PHlLwoqjDfivoZAFlxjmz+jJfvKQeC8fMkWJRl/USd52kCw13QDJZKCr8e6ZRs1Zwt3vxMqeBOLa3UUOA5fzYQ=="
    },
    "@fluentui/dom-utilities": {
      "version": "1.1.2",
      "resolved": "https://registry.npmjs.org/@fluentui/dom-utilities/-/dom-utilities-1.1.2.tgz",
      "integrity": "sha512-XqPS7l3YoMwxdNlaYF6S2Mp0K3FmVIOIy2K3YkMc+eRxu9wFK6emr2Q/3rBhtG5u/On37NExRT7/5CTLnoi9gw==",
      "requires": {
        "@uifabric/set-version": "^7.0.24",
        "tslib": "^1.10.0"
      }
    },
    "@fluentui/keyboard-key": {
      "version": "0.2.17",
      "resolved": "https://registry.npmjs.org/@fluentui/keyboard-key/-/keyboard-key-0.2.17.tgz",
      "integrity": "sha512-iT1bU56rKrKEOfODoW6fScY11qj3iaYrZ+z11T6fo5+TDm84UGkkXjLXJTE57ZJzg0/gbccHQWYv+chY7bJN8Q==",
      "requires": {
        "tslib": "^1.10.0"
      }
    },
    "@fluentui/react-focus": {
      "version": "7.18.1",
      "resolved": "https://registry.npmjs.org/@fluentui/react-focus/-/react-focus-7.18.1.tgz",
      "integrity": "sha512-WXXkMR3t5mr9m5hg5vRWH/JZ+kaZmbuTGpTA7E7uc+Ag/RZfG/uVN+ZwBdDpP6Xg7+6f3wlkGCBtY/UDcW6qmw==",
      "requires": {
        "@fluentui/keyboard-key": "^0.2.12",
        "@uifabric/merge-styles": "^7.19.2",
        "@uifabric/set-version": "^7.0.24",
        "@uifabric/styling": "^7.20.0",
        "@uifabric/utilities": "^7.33.5",
        "tslib": "^1.10.0"
      },
      "dependencies": {
        "@uifabric/merge-styles": {
          "version": "7.19.2",
          "resolved": "https://registry.npmjs.org/@uifabric/merge-styles/-/merge-styles-7.19.2.tgz",
          "integrity": "sha512-kTlhwglDqwVgIaJq+0yXgzi65plGhmFcPrfme/rXUGMJZoU+qlGT5jXj5d3kuI59p6VB8jWEg9DAxHozhYeu0g==",
          "requires": {
            "@uifabric/set-version": "^7.0.24",
            "tslib": "^1.10.0"
          }
        },
        "@uifabric/styling": {
          "version": "7.20.0",
          "resolved": "https://registry.npmjs.org/@uifabric/styling/-/styling-7.20.0.tgz",
          "integrity": "sha512-SoaK5J4cwn8D9DWejRlWo+TmKZaHIiVlkIH+B2zLXE8Uc4ZYcotwYGxaSc1gCA16viLvGQkQU+ieWFq91RxdRw==",
          "requires": {
            "@fluentui/theme": "^1.7.4",
            "@microsoft/load-themed-styles": "^1.10.26",
            "@uifabric/merge-styles": "^7.19.2",
            "@uifabric/set-version": "^7.0.24",
            "@uifabric/utilities": "^7.33.5",
            "tslib": "^1.10.0"
          }
        },
        "@uifabric/utilities": {
          "version": "7.33.5",
          "resolved": "https://registry.npmjs.org/@uifabric/utilities/-/utilities-7.33.5.tgz",
          "integrity": "sha512-I+Oi0deD/xltSluFY8l2EVd/J4mvOaMljxKO2knSD9/KoGDlo/o5GN4gbnVo8nIt76HWHLAk3KtlJKJm6BhbIQ==",
          "requires": {
            "@fluentui/dom-utilities": "^1.1.2",
            "@uifabric/merge-styles": "^7.19.2",
            "@uifabric/set-version": "^7.0.24",
            "prop-types": "^15.7.2",
            "tslib": "^1.10.0"
          }
        }
      }
    },
    "@fluentui/react-icons": {
      "version": "0.1.48",
      "resolved": "https://registry.npmjs.org/@fluentui/react-icons/-/react-icons-0.1.48.tgz",
      "integrity": "sha512-0RggbvYm14MlgxcE1d8FZvdWR37l6xbUJT/gNBo5HoA0JB4LlKcqDLVuvmjgvyohsAtjcMCRT6v/UivMeRuOVA==",
      "requires": {
        "@microsoft/load-themed-styles": "^1.10.26",
        "@uifabric/set-version": "^7.0.21",
        "@uifabric/utilities": "^7.28.0",
        "tslib": "^1.10.0"
      },
      "dependencies": {
        "@uifabric/merge-styles": {
          "version": "7.19.2",
          "resolved": "https://registry.npmjs.org/@uifabric/merge-styles/-/merge-styles-7.19.2.tgz",
          "integrity": "sha512-kTlhwglDqwVgIaJq+0yXgzi65plGhmFcPrfme/rXUGMJZoU+qlGT5jXj5d3kuI59p6VB8jWEg9DAxHozhYeu0g==",
          "requires": {
            "@uifabric/set-version": "^7.0.24",
            "tslib": "^1.10.0"
          }
        },
        "@uifabric/utilities": {
          "version": "7.33.5",
          "resolved": "https://registry.npmjs.org/@uifabric/utilities/-/utilities-7.33.5.tgz",
          "integrity": "sha512-I+Oi0deD/xltSluFY8l2EVd/J4mvOaMljxKO2knSD9/KoGDlo/o5GN4gbnVo8nIt76HWHLAk3KtlJKJm6BhbIQ==",
          "requires": {
            "@fluentui/dom-utilities": "^1.1.2",
            "@uifabric/merge-styles": "^7.19.2",
            "@uifabric/set-version": "^7.0.24",
            "prop-types": "^15.7.2",
            "tslib": "^1.10.0"
          }
        }
      }
    },
    "@fluentui/react-window-provider": {
      "version": "1.0.2",
      "resolved": "https://registry.npmjs.org/@fluentui/react-window-provider/-/react-window-provider-1.0.2.tgz",
      "integrity": "sha512-fGSgL3Vp/+6t1Ysfz21FWZmqsU+iFVxOigvHnm5uKVyyRPwtaabv/F6kQ2y5isLMI2YmJaUd2i0cDJKu8ggrvw==",
      "requires": {
        "@uifabric/set-version": "^7.0.24",
        "tslib": "^1.10.0"
      }
    },
    "@fluentui/theme": {
      "version": "1.7.4",
      "resolved": "https://registry.npmjs.org/@fluentui/theme/-/theme-1.7.4.tgz",
      "integrity": "sha512-o4eo7lstLxxXl1g2RR9yz18Yt8yjQO/LbQuZjsiAfv/4Bf0CRnb+3j1F7gxIdBWAchKj9gzaMpIFijfI98pvYQ==",
      "requires": {
        "@uifabric/merge-styles": "^7.19.2",
        "@uifabric/set-version": "^7.0.24",
        "@uifabric/utilities": "^7.33.5",
        "tslib": "^1.10.0"
      },
      "dependencies": {
        "@uifabric/merge-styles": {
          "version": "7.19.2",
          "resolved": "https://registry.npmjs.org/@uifabric/merge-styles/-/merge-styles-7.19.2.tgz",
          "integrity": "sha512-kTlhwglDqwVgIaJq+0yXgzi65plGhmFcPrfme/rXUGMJZoU+qlGT5jXj5d3kuI59p6VB8jWEg9DAxHozhYeu0g==",
          "requires": {
            "@uifabric/set-version": "^7.0.24",
            "tslib": "^1.10.0"
          }
        },
        "@uifabric/utilities": {
          "version": "7.33.5",
          "resolved": "https://registry.npmjs.org/@uifabric/utilities/-/utilities-7.33.5.tgz",
          "integrity": "sha512-I+Oi0deD/xltSluFY8l2EVd/J4mvOaMljxKO2knSD9/KoGDlo/o5GN4gbnVo8nIt76HWHLAk3KtlJKJm6BhbIQ==",
          "requires": {
            "@fluentui/dom-utilities": "^1.1.2",
            "@uifabric/merge-styles": "^7.19.2",
            "@uifabric/set-version": "^7.0.24",
            "prop-types": "^15.7.2",
            "tslib": "^1.10.0"
          }
        }
      }
    },
    "@microsoft/load-themed-styles": {
      "version": "1.10.230",
      "resolved": "https://registry.npmjs.org/@microsoft/load-themed-styles/-/load-themed-styles-1.10.230.tgz",
      "integrity": "sha512-EMc7AqUZxRnZTpnPasItHN5DXV/EdJ19wHyOls69PF089Ny9pUxZEbAPROOuR6I1m8WvNRJrlagLJgG9Yq0Y2w=="
    },
    "@reach/auto-id": {
      "version": "0.10.1",
      "resolved": "https://registry.npmjs.org/@reach/auto-id/-/auto-id-0.10.1.tgz",
      "integrity": "sha512-xGFW2v+L39M/mafdW7v+NhhsjT1LBnQJCGj64dm37T4IGNgAexlfMkRRwsqHOvuVvV38mR114YOy0xrlkqduRQ==",
      "requires": {
        "@reach/utils": "^0.10.1",
        "tslib": "^1.11.1"
      }
    },
    "@reach/utils": {
      "version": "0.10.5",
      "resolved": "https://registry.npmjs.org/@reach/utils/-/utils-0.10.5.tgz",
      "integrity": "sha512-5E/xxQnUbmpI/LrufBAOXjunl96DnqX6B4zC2MO2KH/dRzLug5gM5VuOwV26egsp0jvsSPxojwciOhS43px3qw==",
      "requires": {
        "@types/warning": "^3.0.0",
        "tslib": "^2.0.0",
        "warning": "^4.0.3"
      },
      "dependencies": {
        "tslib": {
          "version": "2.3.1",
          "resolved": "https://registry.npmjs.org/tslib/-/tslib-2.3.1.tgz",
          "integrity": "sha512-77EbyPPpMz+FRFRuAFlWMtmgUWGe9UOG2Z25NqCwiIjRhOf5iKGuzSe5P2w1laq+FkRy4p+PCuVkJSGkzTEKVw=="
        }
      }
    },
    "@types/warning": {
      "version": "3.0.0",
      "resolved": "https://registry.npmjs.org/@types/warning/-/warning-3.0.0.tgz",
      "integrity": "sha1-DSUBJorY+ZYrdA04fEZU9fjiPlI="
    },
    "@uifabric/foundation": {
      "version": "7.10.1",
      "resolved": "https://registry.npmjs.org/@uifabric/foundation/-/foundation-7.10.1.tgz",
      "integrity": "sha512-Op05qHLBFEieT4+fG8OgpzqDHTQyei1dgVXDd6M4VS6CFJ5ZIPtC7Lwi+ZlkPkwUwccQ9mijuQumzpNKdv035A==",
      "requires": {
        "@uifabric/merge-styles": "^7.19.2",
        "@uifabric/set-version": "^7.0.24",
        "@uifabric/styling": "^7.20.0",
        "@uifabric/utilities": "^7.33.5",
        "tslib": "^1.10.0"
      },
      "dependencies": {
        "@uifabric/merge-styles": {
          "version": "7.19.2",
          "resolved": "https://registry.npmjs.org/@uifabric/merge-styles/-/merge-styles-7.19.2.tgz",
          "integrity": "sha512-kTlhwglDqwVgIaJq+0yXgzi65plGhmFcPrfme/rXUGMJZoU+qlGT5jXj5d3kuI59p6VB8jWEg9DAxHozhYeu0g==",
          "requires": {
            "@uifabric/set-version": "^7.0.24",
            "tslib": "^1.10.0"
          }
        },
        "@uifabric/styling": {
          "version": "7.20.0",
          "resolved": "https://registry.npmjs.org/@uifabric/styling/-/styling-7.20.0.tgz",
          "integrity": "sha512-SoaK5J4cwn8D9DWejRlWo+TmKZaHIiVlkIH+B2zLXE8Uc4ZYcotwYGxaSc1gCA16viLvGQkQU+ieWFq91RxdRw==",
          "requires": {
            "@fluentui/theme": "^1.7.4",
            "@microsoft/load-themed-styles": "^1.10.26",
            "@uifabric/merge-styles": "^7.19.2",
            "@uifabric/set-version": "^7.0.24",
            "@uifabric/utilities": "^7.33.5",
            "tslib": "^1.10.0"
          }
        },
        "@uifabric/utilities": {
          "version": "7.33.5",
          "resolved": "https://registry.npmjs.org/@uifabric/utilities/-/utilities-7.33.5.tgz",
          "integrity": "sha512-I+Oi0deD/xltSluFY8l2EVd/J4mvOaMljxKO2knSD9/KoGDlo/o5GN4gbnVo8nIt76HWHLAk3KtlJKJm6BhbIQ==",
          "requires": {
            "@fluentui/dom-utilities": "^1.1.2",
            "@uifabric/merge-styles": "^7.19.2",
            "@uifabric/set-version": "^7.0.24",
            "prop-types": "^15.7.2",
            "tslib": "^1.10.0"
          }
        }
      }
    },
    "@uifabric/icons": {
      "version": "7.6.2",
      "resolved": "https://registry.npmjs.org/@uifabric/icons/-/icons-7.6.2.tgz",
      "integrity": "sha512-q7jEIwB5Tt2Egw9fqdgNPlBqBQ6hNNMQ3qs5y4S4YETRluB+AQTdKbrbYMsXo3Pm0FsJnRfiDojMzxusGX+MWA==",
      "requires": {
        "@uifabric/set-version": "^7.0.24",
        "@uifabric/styling": "^7.20.0",
        "tslib": "^1.10.0"
      },
      "dependencies": {
        "@uifabric/merge-styles": {
          "version": "7.19.2",
          "resolved": "https://registry.npmjs.org/@uifabric/merge-styles/-/merge-styles-7.19.2.tgz",
          "integrity": "sha512-kTlhwglDqwVgIaJq+0yXgzi65plGhmFcPrfme/rXUGMJZoU+qlGT5jXj5d3kuI59p6VB8jWEg9DAxHozhYeu0g==",
          "requires": {
            "@uifabric/set-version": "^7.0.24",
            "tslib": "^1.10.0"
          }
        },
        "@uifabric/styling": {
          "version": "7.20.0",
          "resolved": "https://registry.npmjs.org/@uifabric/styling/-/styling-7.20.0.tgz",
          "integrity": "sha512-SoaK5J4cwn8D9DWejRlWo+TmKZaHIiVlkIH+B2zLXE8Uc4ZYcotwYGxaSc1gCA16viLvGQkQU+ieWFq91RxdRw==",
          "requires": {
            "@fluentui/theme": "^1.7.4",
            "@microsoft/load-themed-styles": "^1.10.26",
            "@uifabric/merge-styles": "^7.19.2",
            "@uifabric/set-version": "^7.0.24",
            "@uifabric/utilities": "^7.33.5",
            "tslib": "^1.10.0"
          }
        },
        "@uifabric/utilities": {
          "version": "7.33.5",
          "resolved": "https://registry.npmjs.org/@uifabric/utilities/-/utilities-7.33.5.tgz",
          "integrity": "sha512-I+Oi0deD/xltSluFY8l2EVd/J4mvOaMljxKO2knSD9/KoGDlo/o5GN4gbnVo8nIt76HWHLAk3KtlJKJm6BhbIQ==",
          "requires": {
            "@fluentui/dom-utilities": "^1.1.2",
            "@uifabric/merge-styles": "^7.19.2",
            "@uifabric/set-version": "^7.0.24",
            "prop-types": "^15.7.2",
            "tslib": "^1.10.0"
          }
        }
      }
    },
    "@uifabric/merge-styles": {
      "version": "7.11.1",
      "resolved": "https://registry.npmjs.org/@uifabric/merge-styles/-/merge-styles-7.11.1.tgz",
      "integrity": "sha512-r3T+xOo36qr0lrA+RRN1Ie6eI6Uzo7Gf8AplFkIGeaNczC2m3k5xY+oUa1WmOc6yRCJdMnn18fTYljOXAV4Tpw==",
      "requires": {
        "@uifabric/set-version": "^7.0.11",
        "tslib": "^1.10.0"
      }
    },
    "@uifabric/react-hooks": {
      "version": "7.14.0",
      "resolved": "https://registry.npmjs.org/@uifabric/react-hooks/-/react-hooks-7.14.0.tgz",
      "integrity": "sha512-Ndu/DEKHF4gFXEZa2AGgSkdWaj+njVrsSyXbkWRh2UZReFWnH1LMko9p/ZCwk1i9kAd5CUmyIfURUzIEya9YCg==",
      "requires": {
        "@fluentui/react-window-provider": "^1.0.2",
        "@uifabric/set-version": "^7.0.24",
        "@uifabric/utilities": "^7.33.5",
        "tslib": "^1.10.0"
      },
      "dependencies": {
        "@uifabric/merge-styles": {
          "version": "7.19.2",
          "resolved": "https://registry.npmjs.org/@uifabric/merge-styles/-/merge-styles-7.19.2.tgz",
          "integrity": "sha512-kTlhwglDqwVgIaJq+0yXgzi65plGhmFcPrfme/rXUGMJZoU+qlGT5jXj5d3kuI59p6VB8jWEg9DAxHozhYeu0g==",
          "requires": {
            "@uifabric/set-version": "^7.0.24",
            "tslib": "^1.10.0"
          }
        },
        "@uifabric/utilities": {
          "version": "7.33.5",
          "resolved": "https://registry.npmjs.org/@uifabric/utilities/-/utilities-7.33.5.tgz",
          "integrity": "sha512-I+Oi0deD/xltSluFY8l2EVd/J4mvOaMljxKO2knSD9/KoGDlo/o5GN4gbnVo8nIt76HWHLAk3KtlJKJm6BhbIQ==",
          "requires": {
            "@fluentui/dom-utilities": "^1.1.2",
            "@uifabric/merge-styles": "^7.19.2",
            "@uifabric/set-version": "^7.0.24",
            "prop-types": "^15.7.2",
            "tslib": "^1.10.0"
          }
        }
      }
    },
    "@uifabric/set-version": {
      "version": "7.0.24",
      "resolved": "https://registry.npmjs.org/@uifabric/set-version/-/set-version-7.0.24.tgz",
      "integrity": "sha512-t0Pt21dRqdC707/ConVJC0WvcQ/KF7tKLU8AZY7YdjgJpMHi1c0C427DB4jfUY19I92f60LOQyhJ4efH+KpFEg==",
      "requires": {
        "tslib": "^1.10.0"
      }
    },
    "@uifabric/styling": {
      "version": "7.12.0",
      "resolved": "https://registry.npmjs.org/@uifabric/styling/-/styling-7.12.0.tgz",
      "integrity": "sha512-+BeJY2U1Dv8UrurE1FnLZgCYXl/HCicEzh0+XobwG53V5Wcd2bAK++7J5pckFMY/7s45gac6uF/XwwWPigelmw==",
      "requires": {
        "@microsoft/load-themed-styles": "^1.10.26",
        "@uifabric/merge-styles": "^7.11.1",
        "@uifabric/set-version": "^7.0.11",
        "@uifabric/utilities": "^7.16.0",
        "tslib": "^1.10.0"
      }
    },
    "@uifabric/utilities": {
      "version": "7.16.0",
      "resolved": "https://registry.npmjs.org/@uifabric/utilities/-/utilities-7.16.0.tgz",
      "integrity": "sha512-dJazpicc8b72T768eB+PcL6aZS1IzKFsgUnG8b5bTIK6QYWIarrvH/hP/+gRZEWT0mB5C4eCLSRHqZOxPRcpFw==",
      "requires": {
        "@uifabric/merge-styles": "^7.11.1",
        "@uifabric/set-version": "^7.0.11",
        "prop-types": "^15.7.2",
        "tslib": "^1.10.0"
      }
    },
    "axios": {
      "version": "0.21.1",
      "resolved": "https://registry.npmjs.org/axios/-/axios-0.21.1.tgz",
      "integrity": "sha512-dKQiRHxGD9PPRIUNIWvZhPTPpl1rf/OxTYKsqKUDjBwYylTvV7SjSHJb9ratfyzM6wCdLCOYLzs73qpg5c4iGA==",
      "requires": {
        "follow-redirects": "^1.10.0"
      }
    },
    "classnames": {
      "version": "2.2.6",
      "resolved": "https://registry.npmjs.org/classnames/-/classnames-2.2.6.tgz",
      "integrity": "sha512-JR/iSQOSt+LQIWwrwEzJ9uk0xfN3mTVYMwt1Ir5mUcSN6pU+V4zQFFaJsclJbPuAUQH+yfWef6tm7l1quW3C8Q=="
    },
    "csstype": {
      "version": "3.0.10",
      "resolved": "https://registry.npmjs.org/csstype/-/csstype-3.0.10.tgz",
      "integrity": "sha512-2u44ZG2OcNUO9HDp/Jl8C07x6pU/eTR3ncV91SiK3dhG9TWvRVsCoJw14Ckx5DgWkzGA3waZWO3d7pgqpUI/XA=="
    },
    "dom-helpers": {
      "version": "5.2.1",
      "resolved": "https://registry.npmjs.org/dom-helpers/-/dom-helpers-5.2.1.tgz",
      "integrity": "sha512-nRCa7CK3VTrM2NmGkIy4cbK7IZlgBE/PYMn55rrXefr5xXDP0LdtfPnblFDoVdcAfslJ7or6iqAUnx0CCGIWQA==",
      "requires": {
        "@babel/runtime": "^7.8.7",
        "csstype": "^3.0.2"
      }
    },
    "follow-redirects": {
      "version": "1.14.5",
      "resolved": "https://registry.npmjs.org/follow-redirects/-/follow-redirects-1.14.5.tgz",
      "integrity": "sha512-wtphSXy7d4/OR+MvIFbCVBDzZ5520qV8XfPklSN5QtxuMUJZ+b0Wnst1e1lCDocfzuCkHqj8k0FpZqO+UIaKNA=="
    },
    "hotkeys-js": {
      "version": "3.8.1",
      "resolved": "https://registry.npmjs.org/hotkeys-js/-/hotkeys-js-3.8.1.tgz",
      "integrity": "sha512-YlhVQtyG9f1b7GhtzdhR0Pl+cImD1ZrKI6zYUa7QLd0zuThiL7RzZ+ANJyy7z+kmcCpNYBf5PjBa3CjiQ5PFpw=="
    },
    "html-parse-stringify2": {
      "version": "2.0.1",
      "resolved": "https://registry.npmjs.org/html-parse-stringify2/-/html-parse-stringify2-2.0.1.tgz",
      "integrity": "sha1-3FZwtyksoVi3vJFsmmc1rIhyg0o=",
      "requires": {
        "void-elements": "^2.0.1"
      }
    },
    "i18next": {
      "version": "19.7.0",
      "resolved": "https://registry.npmjs.org/i18next/-/i18next-19.7.0.tgz",
      "integrity": "sha512-sxZhj6u7HbEYOMx81oGwq5MiXISRBVg2wRY3n6YIbe+HtU8ydzlGzv6ErHdrRKYxATBFssVXYbc3lNZoyB4vfA==",
      "requires": {
        "@babel/runtime": "^7.10.1"
      }
    },
    "js-tokens": {
      "version": "4.0.0",
      "resolved": "https://registry.npmjs.org/js-tokens/-/js-tokens-4.0.0.tgz",
      "integrity": "sha512-RdJUflcE3cUzKiMqQgsCu06FPu9UdIJO0beYbPhHN4k6apgJtifcoCtT9bcxOpYBtpD2kCM6Sbzg4CausW/PKQ=="
    },
    "loose-envify": {
      "version": "1.4.0",
      "resolved": "https://registry.npmjs.org/loose-envify/-/loose-envify-1.4.0.tgz",
      "integrity": "sha512-lyuxPGr/Wfhrlem2CL/UcnUc1zcqKAImBDzukY7Y5F/yQiNdko6+fRLevlw1HgMySw7f611UIY408EtxRSoK3Q==",
      "requires": {
        "js-tokens": "^3.0.0 || ^4.0.0"
      }
    },
    "material-design-icons": {
      "version": "3.0.1",
      "resolved": "https://registry.npmjs.org/material-design-icons/-/material-design-icons-3.0.1.tgz",
      "integrity": "sha1-mnHEh0chjrylHlGmbaaCA4zct78="
    },
    "moment": {
      "version": "2.25.3",
      "resolved": "https://registry.npmjs.org/moment/-/moment-2.25.3.tgz",
      "integrity": "sha512-PuYv0PHxZvzc15Sp8ybUCoQ+xpyPWvjOuK72a5ovzp2LI32rJXOiIfyoFoYvG3s6EwwrdkMyWuRiEHSZRLJNdg=="
    },
    "object-assign": {
      "version": "4.1.1",
      "resolved": "https://registry.npmjs.org/object-assign/-/object-assign-4.1.1.tgz",
      "integrity": "sha1-IQmtx5ZYh8/AXLvUQsrIv7s2CGM="
    },
    "office-ui-fabric-react": {
      "version": "7.110.2",
      "resolved": "https://registry.npmjs.org/office-ui-fabric-react/-/office-ui-fabric-react-7.110.2.tgz",
      "integrity": "sha512-1w8zevhMrHseOy5OkqUazT3vRpZDFJwGGtMdjAYVq9j2gmg5bqFno3HtlgkGQnIRvCuR5c6bAF9yXqjPb6CZrQ==",
      "requires": {
        "@fluentui/react-focus": "^7.9.0",
        "@fluentui/react-icons": "^0.1.9",
        "@microsoft/load-themed-styles": "^1.10.26",
        "@uifabric/foundation": "^7.7.7",
        "@uifabric/icons": "^7.3.33",
        "@uifabric/merge-styles": "^7.11.1",
        "@uifabric/react-hooks": "^7.2.2",
        "@uifabric/set-version": "^7.0.11",
        "@uifabric/styling": "^7.12.0",
        "@uifabric/utilities": "^7.16.0",
        "prop-types": "^15.7.2",
        "tslib": "^1.10.0"
      }
    },
    "prop-types": {
      "version": "15.7.2",
      "resolved": "https://registry.npmjs.org/prop-types/-/prop-types-15.7.2.tgz",
      "integrity": "sha512-8QQikdH7//R2vurIJSutZ1smHYTcLpRWEOlHnzcWHmBYrOGUysKwSsrC89BCiFj3CbrfJ/nXFdJepOVrY1GCHQ==",
      "requires": {
        "loose-envify": "^1.4.0",
        "object-assign": "^4.1.1",
        "react-is": "^16.8.1"
      }
    },
    "react-i18next": {
      "version": "11.7.1",
      "resolved": "https://registry.npmjs.org/react-i18next/-/react-i18next-11.7.1.tgz",
      "integrity": "sha512-K7qWaQ03Nc25BqSqdKz1iGU5inwNQnDVcen/tpiILEXyd0w/z+untrsuUy5Y3PqAkwJ7m1FACwBttSSitxDKQA==",
      "requires": {
        "@babel/runtime": "^7.3.1",
        "html-parse-stringify2": "2.0.1"
      }
    },
    "react-is": {
      "version": "16.13.1",
      "resolved": "https://registry.npmjs.org/react-is/-/react-is-16.13.1.tgz",
      "integrity": "sha512-24e6ynE2H+OKt4kqsOvNd8kBpV65zoxbA4BVsEOB3ARVWQki/DHzaUoC5KuON/BiccDaCCTZBuOcfZs70kR8bQ=="
    },
    "react-transition-group": {
      "version": "4.3.0",
      "resolved": "https://registry.npmjs.org/react-transition-group/-/react-transition-group-4.3.0.tgz",
      "integrity": "sha512-1qRV1ZuVSdxPlPf4O8t7inxUGpdyO5zG9IoNfJxSO0ImU2A1YWkEQvFPuIPZmMLkg5hYs7vv5mMOyfgSkvAwvw==",
      "requires": {
        "@babel/runtime": "^7.5.5",
        "dom-helpers": "^5.0.1",
        "loose-envify": "^1.4.0",
        "prop-types": "^15.6.2"
      }
    },
    "regenerator-runtime": {
      "version": "0.13.9",
      "resolved": "https://registry.npmjs.org/regenerator-runtime/-/regenerator-runtime-0.13.9.tgz",
      "integrity": "sha512-p3VT+cOEgxFsRRA9X4lkI1E+k2/CtnKtU4gcxyaCUreilL/vqI6CdZ3wxVUx3UOUg+gnUOQQcRI7BmSI656MYA=="
    },
    "tslib": {
      "version": "1.14.1",
      "resolved": "https://registry.npmjs.org/tslib/-/tslib-1.14.1.tgz",
      "integrity": "sha512-Xni35NKzjgMrwevysHTCArtLDpPvye8zV/0E4EyYn43P7/7qvQwPh9BGkHewbMulVntbigmcT7rdX3BNo9wRJg=="
    },
    "void-elements": {
      "version": "2.0.1",
      "resolved": "https://registry.npmjs.org/void-elements/-/void-elements-2.0.1.tgz",
      "integrity": "sha1-wGavtYK7HLQSjWDqkjkulNXp2+w="
    },
    "warning": {
      "version": "4.0.3",
      "resolved": "https://registry.npmjs.org/warning/-/warning-4.0.3.tgz",
      "integrity": "sha512-rpJyN222KWIvHJ/F53XSZv0Zl/accqHR8et1kpaMTD/fLCRxtV8iX8czMzY7sVZupTI3zcUTg8eycS2kNF9l6w==",
      "requires": {
        "loose-envify": "^1.0.0"
      }
    }
  }
}
