{
  "name": "@fellesdatakatalog/internal-header",
  "version": "0.3.0",
  "lockfileVersion": 1,
  "requires": true,
  "dependencies": {
    "@babel/runtime": {
      "version": "7.12.1",
      "resolved": "https://registry.npmjs.org/@babel/runtime/-/runtime-7.12.1.tgz",
      "integrity": "sha512-J5AIf3vPj3UwXaAzb5j1xM4WAQDX3EMgemF8rjCP3SoW09LfRKAXQKt6CoVYl230P6iWdRcBbnLDDdnqWxZSCA==",
      "requires": {
        "regenerator-runtime": "^0.13.4"
      }
    },
    "@fellesdatakatalog/link": {
      "version": "0.1.7",
      "resolved": "https://registry.npmjs.org/@fellesdatakatalog/link/-/link-0.1.7.tgz",
      "integrity": "sha512-QSY5wcWq7EzZv6XteiOdmQqiu/h6P9e1CxOfo+8YMG+6o+icc9mRHUGRuDNgENd6nKTtB4Bw0InrwN07Tirnrw==",
      "requires": {
        "@fellesdatakatalog/theme": "^0.3.0"
      }
    },
    "@fellesdatakatalog/theme": {
      "version": "0.3.0",
      "resolved": "https://registry.npmjs.org/@fellesdatakatalog/theme/-/theme-0.3.0.tgz",
      "integrity": "sha512-NcCEhVUfH4eq2C83xbfy7viJTz/NeM9pvrZDy1mdjgjEHuuAq5QyV2NMjt3ijbQiRoYkpMlAp0GqFsv39AlcaQ=="
    },
    "@fluentui/dom-utilities": {
      "version": "1.1.1",
      "resolved": "https://registry.npmjs.org/@fluentui/dom-utilities/-/dom-utilities-1.1.1.tgz",
      "integrity": "sha512-w40gi8fzCpwa7U8cONiuu8rszPStkVOL/weDf5pCbYEb1gdaV7MDPSNkgM6IV0Kz+k017noDgK9Fv4ru1Dwz1g==",
      "requires": {
        "@uifabric/set-version": "^7.0.23",
        "tslib": "^1.10.0"
      }
    },
    "@fluentui/keyboard-key": {
      "version": "0.2.12",
      "resolved": "https://registry.npmjs.org/@fluentui/keyboard-key/-/keyboard-key-0.2.12.tgz",
      "integrity": "sha512-t3yIbbPKJubb22vQ/FIWwS9vFAzaPYzFxKWPHVWLtxs/P+5yL+LD3B16DRtYreWAdl9CZvEbos58ChLZ0KHwSQ==",
      "requires": {
        "tslib": "^1.10.0"
      }
    },
    "@fluentui/react-focus": {
      "version": "7.16.13",
      "resolved": "https://registry.npmjs.org/@fluentui/react-focus/-/react-focus-7.16.13.tgz",
      "integrity": "sha512-MWyI64GSEZigYe75aCy8VGGIr/tWwk+H8oqPxamoVOHef4kCqYm/70mhrDpBP1oAhJVmdY/Lia6dtkIz3J9wgw==",
      "requires": {
        "@fluentui/keyboard-key": "^0.2.12",
        "@uifabric/merge-styles": "^7.19.1",
        "@uifabric/set-version": "^7.0.23",
        "@uifabric/styling": "^7.16.13",
        "@uifabric/utilities": "^7.32.4",
        "tslib": "^1.10.0"
      },
      "dependencies": {
        "@uifabric/merge-styles": {
          "version": "7.19.1",
          "resolved": "https://registry.npmjs.org/@uifabric/merge-styles/-/merge-styles-7.19.1.tgz",
          "integrity": "sha512-yqUwmk62Kgu216QNPE9vOfS3h0kiSbTvoqM5QcZi+IzpqsBOlzZx3A9Er9UiDaqHRd5lsYF5pO/jeUULmBWF/A==",
          "requires": {
            "@uifabric/set-version": "^7.0.23",
            "tslib": "^1.10.0"
          }
        },
        "@uifabric/styling": {
          "version": "7.16.13",
          "resolved": "https://registry.npmjs.org/@uifabric/styling/-/styling-7.16.13.tgz",
          "integrity": "sha512-jj5FH7XuQXz8HgRhCXNApeUAynDBv2nfmTpzHawE55x7YR+oliQfsJSY8Ow4YbLAazIR5BuW1n9eKuGxxmIw1w==",
          "requires": {
            "@fluentui/theme": "^1.5.1",
            "@microsoft/load-themed-styles": "^1.10.26",
            "@uifabric/merge-styles": "^7.19.1",
            "@uifabric/set-version": "^7.0.23",
            "@uifabric/utilities": "^7.32.4",
            "tslib": "^1.10.0"
          }
        },
        "@uifabric/utilities": {
          "version": "7.32.4",
          "resolved": "https://registry.npmjs.org/@uifabric/utilities/-/utilities-7.32.4.tgz",
          "integrity": "sha512-IKZc03uyfTrgcCGSPAUWfFl9CyxzpSrxrYwAuO4NgDEySdOlkYBRwsRUh6UwWfM+sJdhg7Y3nupzNU3VSC/arg==",
          "requires": {
            "@fluentui/dom-utilities": "^1.1.1",
            "@uifabric/merge-styles": "^7.19.1",
            "@uifabric/set-version": "^7.0.23",
            "prop-types": "^15.7.2",
            "tslib": "^1.10.0"
          }
        }
      }
    },
    "@fluentui/react-icons": {
      "version": "0.1.48",
      "resolved": "https://registry.npmjs.org/@fluentui/react-icons/-/react-icons-0.1.48.tgz",
      "integrity": "sha512-0RggbvYm14MlgxcE1d8FZvdWR37l6xbUJT/gNBo5HoA0JB4LlKcqDLVuvmjgvyohsAtjcMCRT6v/UivMeRuOVA==",
      "requires": {
        "@microsoft/load-themed-styles": "^1.10.26",
        "@uifabric/set-version": "^7.0.21",
        "@uifabric/utilities": "^7.28.0",
        "tslib": "^1.10.0"
      },
      "dependencies": {
        "@uifabric/merge-styles": {
          "version": "7.19.1",
          "resolved": "https://registry.npmjs.org/@uifabric/merge-styles/-/merge-styles-7.19.1.tgz",
          "integrity": "sha512-yqUwmk62Kgu216QNPE9vOfS3h0kiSbTvoqM5QcZi+IzpqsBOlzZx3A9Er9UiDaqHRd5lsYF5pO/jeUULmBWF/A==",
          "requires": {
            "@uifabric/set-version": "^7.0.23",
            "tslib": "^1.10.0"
          }
        },
        "@uifabric/utilities": {
          "version": "7.32.4",
          "resolved": "https://registry.npmjs.org/@uifabric/utilities/-/utilities-7.32.4.tgz",
          "integrity": "sha512-IKZc03uyfTrgcCGSPAUWfFl9CyxzpSrxrYwAuO4NgDEySdOlkYBRwsRUh6UwWfM+sJdhg7Y3nupzNU3VSC/arg==",
          "requires": {
            "@fluentui/dom-utilities": "^1.1.1",
            "@uifabric/merge-styles": "^7.19.1",
            "@uifabric/set-version": "^7.0.23",
            "prop-types": "^15.7.2",
            "tslib": "^1.10.0"
          }
        }
      }
    },
    "@fluentui/react-window-provider": {
      "version": "0.3.3",
      "resolved": "https://registry.npmjs.org/@fluentui/react-window-provider/-/react-window-provider-0.3.3.tgz",
      "integrity": "sha512-MVPf2hqOQ17LAZsuvGcr3oOHksAskUm+fCYdXFhbVoAgsCDVTIuH6i8XgHFd6YjBtzjZmI4+k/3NTQfDqBX8EQ==",
      "requires": {
        "@uifabric/set-version": "^7.0.23",
        "tslib": "^1.10.0"
      }
    },
    "@fluentui/theme": {
      "version": "1.5.1",
      "resolved": "https://registry.npmjs.org/@fluentui/theme/-/theme-1.5.1.tgz",
      "integrity": "sha512-w5986/CN3hWuH44WmlQNxtndBx0khnb1xjISb/4bktRpehYxIlDBmQYRUOUYXr6zwdK7JXJaJPGjOJzSh2DCDg==",
      "requires": {
        "@uifabric/merge-styles": "^7.19.1",
        "@uifabric/set-version": "^7.0.23",
        "@uifabric/utilities": "^7.32.4",
        "tslib": "^1.10.0"
      },
      "dependencies": {
        "@uifabric/merge-styles": {
          "version": "7.19.1",
          "resolved": "https://registry.npmjs.org/@uifabric/merge-styles/-/merge-styles-7.19.1.tgz",
          "integrity": "sha512-yqUwmk62Kgu216QNPE9vOfS3h0kiSbTvoqM5QcZi+IzpqsBOlzZx3A9Er9UiDaqHRd5lsYF5pO/jeUULmBWF/A==",
          "requires": {
            "@uifabric/set-version": "^7.0.23",
            "tslib": "^1.10.0"
          }
        },
        "@uifabric/utilities": {
          "version": "7.32.4",
          "resolved": "https://registry.npmjs.org/@uifabric/utilities/-/utilities-7.32.4.tgz",
          "integrity": "sha512-IKZc03uyfTrgcCGSPAUWfFl9CyxzpSrxrYwAuO4NgDEySdOlkYBRwsRUh6UwWfM+sJdhg7Y3nupzNU3VSC/arg==",
          "requires": {
            "@fluentui/dom-utilities": "^1.1.1",
            "@uifabric/merge-styles": "^7.19.1",
            "@uifabric/set-version": "^7.0.23",
            "prop-types": "^15.7.2",
            "tslib": "^1.10.0"
          }
        }
      }
    },
    "@microsoft/load-themed-styles": {
      "version": "1.10.117",
      "resolved": "https://registry.npmjs.org/@microsoft/load-themed-styles/-/load-themed-styles-1.10.117.tgz",
      "integrity": "sha512-nEvUltTnpm4FnZ7TFHwQqL1Y5PDqXbAT1WGUXuUAF5RM8dgoRHQ72uIZJ2UBSQNKsY/+IwGWmHBFJVT1e1mzSQ=="
    },
    "@reach/auto-id": {
      "version": "0.10.1",
      "resolved": "https://registry.npmjs.org/@reach/auto-id/-/auto-id-0.10.1.tgz",
      "integrity": "sha512-xGFW2v+L39M/mafdW7v+NhhsjT1LBnQJCGj64dm37T4IGNgAexlfMkRRwsqHOvuVvV38mR114YOy0xrlkqduRQ==",
      "requires": {
        "@reach/utils": "^0.10.1",
        "tslib": "^1.11.1"
      }
    },
    "@reach/utils": {
      "version": "0.10.5",
      "resolved": "https://registry.npmjs.org/@reach/utils/-/utils-0.10.5.tgz",
      "integrity": "sha512-5E/xxQnUbmpI/LrufBAOXjunl96DnqX6B4zC2MO2KH/dRzLug5gM5VuOwV26egsp0jvsSPxojwciOhS43px3qw==",
      "requires": {
        "@types/warning": "^3.0.0",
        "tslib": "^2.0.0",
        "warning": "^4.0.3"
      },
      "dependencies": {
        "tslib": {
          "version": "2.0.3",
          "resolved": "https://registry.npmjs.org/tslib/-/tslib-2.0.3.tgz",
          "integrity": "sha512-uZtkfKblCEQtZKBF6EBXVZeQNl82yqtDQdv+eck8u7tdPxjLu2/lp5/uPW+um2tpuxINHWy3GhiccY7QgEaVHQ=="
        }
      }
    },
    "@skatteetaten/frontend-components": {
      "version": "3.5.1",
      "resolved": "https://registry.npmjs.org/@skatteetaten/frontend-components/-/frontend-components-3.5.1.tgz",
      "integrity": "sha512-JgeQzpWqE0Rcy3LYwI+etzroIEier80P0bseErk8l+R+c86F3WAXrkBQTyqR52DQjYKSeY/NXP1APp094K6eNQ==",
      "requires": {
        "@reach/auto-id": "0.10.1",
        "@uifabric/merge-styles": "7.11.1",
        "@uifabric/styling": "7.12.0",
        "@uifabric/utilities": "7.16.0",
        "axios": "0.19.2",
        "classnames": "2.2.6",
        "material-design-icons": "3.0.1",
        "moment": "2.25.3",
        "office-ui-fabric-react": "7.110.2",
        "prop-types": "15.7.2",
        "react-transition-group": "4.3.0"
      }
    },
    "@types/warning": {
      "version": "3.0.0",
      "resolved": "https://registry.npmjs.org/@types/warning/-/warning-3.0.0.tgz",
      "integrity": "sha1-DSUBJorY+ZYrdA04fEZU9fjiPlI="
    },
    "@uifabric/foundation": {
      "version": "7.9.14",
      "resolved": "https://registry.npmjs.org/@uifabric/foundation/-/foundation-7.9.14.tgz",
      "integrity": "sha512-AWsSt28+mid44YPofHB8N1nm4C0QmLJ9WXFps5GyjaBHES6/4bfJ7rKzYioa5bN0TxElyK8rRHzwqKNQhWDBYA==",
      "requires": {
        "@uifabric/merge-styles": "^7.19.1",
        "@uifabric/set-version": "^7.0.23",
        "@uifabric/styling": "^7.16.13",
        "@uifabric/utilities": "^7.32.4",
        "tslib": "^1.10.0"
      },
      "dependencies": {
        "@uifabric/merge-styles": {
          "version": "7.19.1",
          "resolved": "https://registry.npmjs.org/@uifabric/merge-styles/-/merge-styles-7.19.1.tgz",
          "integrity": "sha512-yqUwmk62Kgu216QNPE9vOfS3h0kiSbTvoqM5QcZi+IzpqsBOlzZx3A9Er9UiDaqHRd5lsYF5pO/jeUULmBWF/A==",
          "requires": {
            "@uifabric/set-version": "^7.0.23",
            "tslib": "^1.10.0"
          }
        },
        "@uifabric/styling": {
          "version": "7.16.13",
          "resolved": "https://registry.npmjs.org/@uifabric/styling/-/styling-7.16.13.tgz",
          "integrity": "sha512-jj5FH7XuQXz8HgRhCXNApeUAynDBv2nfmTpzHawE55x7YR+oliQfsJSY8Ow4YbLAazIR5BuW1n9eKuGxxmIw1w==",
          "requires": {
            "@fluentui/theme": "^1.5.1",
            "@microsoft/load-themed-styles": "^1.10.26",
            "@uifabric/merge-styles": "^7.19.1",
            "@uifabric/set-version": "^7.0.23",
            "@uifabric/utilities": "^7.32.4",
            "tslib": "^1.10.0"
          }
        },
        "@uifabric/utilities": {
          "version": "7.32.4",
          "resolved": "https://registry.npmjs.org/@uifabric/utilities/-/utilities-7.32.4.tgz",
          "integrity": "sha512-IKZc03uyfTrgcCGSPAUWfFl9CyxzpSrxrYwAuO4NgDEySdOlkYBRwsRUh6UwWfM+sJdhg7Y3nupzNU3VSC/arg==",
          "requires": {
            "@fluentui/dom-utilities": "^1.1.1",
            "@uifabric/merge-styles": "^7.19.1",
            "@uifabric/set-version": "^7.0.23",
            "prop-types": "^15.7.2",
            "tslib": "^1.10.0"
          }
        }
      }
    },
    "@uifabric/icons": {
      "version": "7.5.12",
      "resolved": "https://registry.npmjs.org/@uifabric/icons/-/icons-7.5.12.tgz",
      "integrity": "sha512-VIqj4oMwi4HJPqH3+3RblLoYjPfYzjVyZ8Kk57dmA7tj+vbM38Zn9vObe+Xg/EVEfohD3kD0fyEqPmnEqY17Pg==",
      "requires": {
        "@uifabric/set-version": "^7.0.23",
        "@uifabric/styling": "^7.16.13",
        "tslib": "^1.10.0"
      },
      "dependencies": {
        "@uifabric/merge-styles": {
          "version": "7.19.1",
          "resolved": "https://registry.npmjs.org/@uifabric/merge-styles/-/merge-styles-7.19.1.tgz",
          "integrity": "sha512-yqUwmk62Kgu216QNPE9vOfS3h0kiSbTvoqM5QcZi+IzpqsBOlzZx3A9Er9UiDaqHRd5lsYF5pO/jeUULmBWF/A==",
          "requires": {
            "@uifabric/set-version": "^7.0.23",
            "tslib": "^1.10.0"
          }
        },
        "@uifabric/styling": {
          "version": "7.16.13",
          "resolved": "https://registry.npmjs.org/@uifabric/styling/-/styling-7.16.13.tgz",
          "integrity": "sha512-jj5FH7XuQXz8HgRhCXNApeUAynDBv2nfmTpzHawE55x7YR+oliQfsJSY8Ow4YbLAazIR5BuW1n9eKuGxxmIw1w==",
          "requires": {
            "@fluentui/theme": "^1.5.1",
            "@microsoft/load-themed-styles": "^1.10.26",
            "@uifabric/merge-styles": "^7.19.1",
            "@uifabric/set-version": "^7.0.23",
            "@uifabric/utilities": "^7.32.4",
            "tslib": "^1.10.0"
          }
        },
        "@uifabric/utilities": {
          "version": "7.32.4",
          "resolved": "https://registry.npmjs.org/@uifabric/utilities/-/utilities-7.32.4.tgz",
          "integrity": "sha512-IKZc03uyfTrgcCGSPAUWfFl9CyxzpSrxrYwAuO4NgDEySdOlkYBRwsRUh6UwWfM+sJdhg7Y3nupzNU3VSC/arg==",
          "requires": {
            "@fluentui/dom-utilities": "^1.1.1",
            "@uifabric/merge-styles": "^7.19.1",
            "@uifabric/set-version": "^7.0.23",
            "prop-types": "^15.7.2",
            "tslib": "^1.10.0"
          }
        }
      }
    },
    "@uifabric/merge-styles": {
      "version": "7.11.1",
      "resolved": "https://registry.npmjs.org/@uifabric/merge-styles/-/merge-styles-7.11.1.tgz",
      "integrity": "sha512-r3T+xOo36qr0lrA+RRN1Ie6eI6Uzo7Gf8AplFkIGeaNczC2m3k5xY+oUa1WmOc6yRCJdMnn18fTYljOXAV4Tpw==",
      "requires": {
        "@uifabric/set-version": "^7.0.11",
        "tslib": "^1.10.0"
      }
    },
    "@uifabric/react-hooks": {
      "version": "7.13.6",
      "resolved": "https://registry.npmjs.org/@uifabric/react-hooks/-/react-hooks-7.13.6.tgz",
      "integrity": "sha512-DvfphxrTsjo3oYioRZ0D8mXdpxWQhhIHeWk1cfdq0MVGqRyKM+cm++9pJpvItFvnTNba38jzKdggqRSUWi+clg==",
      "requires": {
        "@fluentui/react-window-provider": "^0.3.3",
        "@uifabric/set-version": "^7.0.23",
        "@uifabric/utilities": "^7.32.4",
        "tslib": "^1.10.0"
      },
      "dependencies": {
        "@uifabric/merge-styles": {
          "version": "7.19.1",
          "resolved": "https://registry.npmjs.org/@uifabric/merge-styles/-/merge-styles-7.19.1.tgz",
          "integrity": "sha512-yqUwmk62Kgu216QNPE9vOfS3h0kiSbTvoqM5QcZi+IzpqsBOlzZx3A9Er9UiDaqHRd5lsYF5pO/jeUULmBWF/A==",
          "requires": {
            "@uifabric/set-version": "^7.0.23",
            "tslib": "^1.10.0"
          }
        },
        "@uifabric/utilities": {
          "version": "7.32.4",
          "resolved": "https://registry.npmjs.org/@uifabric/utilities/-/utilities-7.32.4.tgz",
          "integrity": "sha512-IKZc03uyfTrgcCGSPAUWfFl9CyxzpSrxrYwAuO4NgDEySdOlkYBRwsRUh6UwWfM+sJdhg7Y3nupzNU3VSC/arg==",
          "requires": {
            "@fluentui/dom-utilities": "^1.1.1",
            "@uifabric/merge-styles": "^7.19.1",
            "@uifabric/set-version": "^7.0.23",
            "prop-types": "^15.7.2",
            "tslib": "^1.10.0"
          }
        }
      }
    },
    "@uifabric/set-version": {
      "version": "7.0.23",
      "resolved": "https://registry.npmjs.org/@uifabric/set-version/-/set-version-7.0.23.tgz",
      "integrity": "sha512-9E+YKtnH2kyMKnK9XZZsqyM8OCxEJIIfxtaThTlQpYOzrWAGJxQADFbZ7+Usi0U2xHnWNPFROjq+B9ocEzhqMA==",
      "requires": {
        "tslib": "^1.10.0"
      }
    },
    "@uifabric/styling": {
      "version": "7.12.0",
      "resolved": "https://registry.npmjs.org/@uifabric/styling/-/styling-7.12.0.tgz",
      "integrity": "sha512-+BeJY2U1Dv8UrurE1FnLZgCYXl/HCicEzh0+XobwG53V5Wcd2bAK++7J5pckFMY/7s45gac6uF/XwwWPigelmw==",
      "requires": {
        "@microsoft/load-themed-styles": "^1.10.26",
        "@uifabric/merge-styles": "^7.11.1",
        "@uifabric/set-version": "^7.0.11",
        "@uifabric/utilities": "^7.16.0",
        "tslib": "^1.10.0"
      }
    },
    "@uifabric/utilities": {
      "version": "7.16.0",
      "resolved": "https://registry.npmjs.org/@uifabric/utilities/-/utilities-7.16.0.tgz",
      "integrity": "sha512-dJazpicc8b72T768eB+PcL6aZS1IzKFsgUnG8b5bTIK6QYWIarrvH/hP/+gRZEWT0mB5C4eCLSRHqZOxPRcpFw==",
      "requires": {
        "@uifabric/merge-styles": "^7.11.1",
        "@uifabric/set-version": "^7.0.11",
        "prop-types": "^15.7.2",
        "tslib": "^1.10.0"
      }
    },
    "axios": {
      "version": "0.19.2",
      "resolved": "https://registry.npmjs.org/axios/-/axios-0.19.2.tgz",
      "integrity": "sha512-fjgm5MvRHLhx+osE2xoekY70AhARk3a6hkN+3Io1jc00jtquGvxYlKlsFUhmUET0V5te6CcZI7lcv2Ym61mjHA==",
      "requires": {
        "follow-redirects": "1.5.10"
      }
    },
    "classnames": {
      "version": "2.2.6",
      "resolved": "https://registry.npmjs.org/classnames/-/classnames-2.2.6.tgz",
      "integrity": "sha512-JR/iSQOSt+LQIWwrwEzJ9uk0xfN3mTVYMwt1Ir5mUcSN6pU+V4zQFFaJsclJbPuAUQH+yfWef6tm7l1quW3C8Q=="
    },
    "csstype": {
      "version": "3.0.4",
      "resolved": "https://registry.npmjs.org/csstype/-/csstype-3.0.4.tgz",
      "integrity": "sha512-xc8DUsCLmjvCfoD7LTGE0ou2MIWLx0K9RCZwSHMOdynqRsP4MtUcLeqh1HcQ2dInwDTqn+3CE0/FZh1et+p4jA=="
    },
    "debug": {
      "version": "3.1.0",
      "resolved": "https://registry.npmjs.org/debug/-/debug-3.1.0.tgz",
      "integrity": "sha512-OX8XqP7/1a9cqkxYw2yXss15f26NKWBpDXQd0/uK/KPqdQhxbPa994hnzjcE2VqQpDslf55723cKPUOGSmMY3g==",
      "requires": {
        "ms": "2.0.0"
      }
    },
    "dom-helpers": {
      "version": "5.2.0",
      "resolved": "https://registry.npmjs.org/dom-helpers/-/dom-helpers-5.2.0.tgz",
      "integrity": "sha512-Ru5o9+V8CpunKnz5LGgWXkmrH/20cGKwcHwS4m73zIvs54CN9epEmT/HLqFJW3kXpakAFkEdzgy1hzlJe3E4OQ==",
      "requires": {
        "@babel/runtime": "^7.8.7",
        "csstype": "^3.0.2"
      }
    },
    "follow-redirects": {
      "version": "1.5.10",
      "resolved": "https://registry.npmjs.org/follow-redirects/-/follow-redirects-1.5.10.tgz",
      "integrity": "sha512-0V5l4Cizzvqt5D44aTXbFZz+FtyXV1vrDN6qrelxtfYQKW0KO0W2T/hkE8xvGa/540LkZlkaUjO4ailYTFtHVQ==",
      "requires": {
        "debug": "=3.1.0"
      }
    },
    "js-tokens": {
      "version": "4.0.0",
      "resolved": "https://registry.npmjs.org/js-tokens/-/js-tokens-4.0.0.tgz",
      "integrity": "sha512-RdJUflcE3cUzKiMqQgsCu06FPu9UdIJO0beYbPhHN4k6apgJtifcoCtT9bcxOpYBtpD2kCM6Sbzg4CausW/PKQ=="
    },
    "loose-envify": {
      "version": "1.4.0",
      "resolved": "https://registry.npmjs.org/loose-envify/-/loose-envify-1.4.0.tgz",
      "integrity": "sha512-lyuxPGr/Wfhrlem2CL/UcnUc1zcqKAImBDzukY7Y5F/yQiNdko6+fRLevlw1HgMySw7f611UIY408EtxRSoK3Q==",
      "requires": {
        "js-tokens": "^3.0.0 || ^4.0.0"
      }
    },
    "material-design-icons": {
      "version": "3.0.1",
      "resolved": "https://registry.npmjs.org/material-design-icons/-/material-design-icons-3.0.1.tgz",
      "integrity": "sha1-mnHEh0chjrylHlGmbaaCA4zct78="
    },
    "moment": {
      "version": "2.25.3",
      "resolved": "https://registry.npmjs.org/moment/-/moment-2.25.3.tgz",
      "integrity": "sha512-PuYv0PHxZvzc15Sp8ybUCoQ+xpyPWvjOuK72a5ovzp2LI32rJXOiIfyoFoYvG3s6EwwrdkMyWuRiEHSZRLJNdg=="
    },
    "ms": {
      "version": "2.0.0",
      "resolved": "https://registry.npmjs.org/ms/-/ms-2.0.0.tgz",
      "integrity": "sha1-VgiurfwAvmwpAd9fmGF4jeDVl8g="
    },
    "object-assign": {
      "version": "4.1.1",
      "resolved": "https://registry.npmjs.org/object-assign/-/object-assign-4.1.1.tgz",
      "integrity": "sha1-IQmtx5ZYh8/AXLvUQsrIv7s2CGM="
    },
    "office-ui-fabric-react": {
      "version": "7.110.2",
      "resolved": "https://registry.npmjs.org/office-ui-fabric-react/-/office-ui-fabric-react-7.110.2.tgz",
      "integrity": "sha512-1w8zevhMrHseOy5OkqUazT3vRpZDFJwGGtMdjAYVq9j2gmg5bqFno3HtlgkGQnIRvCuR5c6bAF9yXqjPb6CZrQ==",
      "requires": {
        "@fluentui/react-focus": "^7.9.0",
        "@fluentui/react-icons": "^0.1.9",
        "@microsoft/load-themed-styles": "^1.10.26",
        "@uifabric/foundation": "^7.7.7",
        "@uifabric/icons": "^7.3.33",
        "@uifabric/merge-styles": "^7.11.1",
        "@uifabric/react-hooks": "^7.2.2",
        "@uifabric/set-version": "^7.0.11",
        "@uifabric/styling": "^7.12.0",
        "@uifabric/utilities": "^7.16.0",
        "prop-types": "^15.7.2",
        "tslib": "^1.10.0"
      }
    },
    "prop-types": {
      "version": "15.7.2",
      "resolved": "https://registry.npmjs.org/prop-types/-/prop-types-15.7.2.tgz",
      "integrity": "sha512-8QQikdH7//R2vurIJSutZ1smHYTcLpRWEOlHnzcWHmBYrOGUysKwSsrC89BCiFj3CbrfJ/nXFdJepOVrY1GCHQ==",
      "requires": {
        "loose-envify": "^1.4.0",
        "object-assign": "^4.1.1",
        "react-is": "^16.8.1"
      }
    },
    "react-is": {
      "version": "16.13.1",
      "resolved": "https://registry.npmjs.org/react-is/-/react-is-16.13.1.tgz",
      "integrity": "sha512-24e6ynE2H+OKt4kqsOvNd8kBpV65zoxbA4BVsEOB3ARVWQki/DHzaUoC5KuON/BiccDaCCTZBuOcfZs70kR8bQ=="
    },
    "react-transition-group": {
      "version": "4.3.0",
      "resolved": "https://registry.npmjs.org/react-transition-group/-/react-transition-group-4.3.0.tgz",
      "integrity": "sha512-1qRV1ZuVSdxPlPf4O8t7inxUGpdyO5zG9IoNfJxSO0ImU2A1YWkEQvFPuIPZmMLkg5hYs7vv5mMOyfgSkvAwvw==",
      "requires": {
        "@babel/runtime": "^7.5.5",
        "dom-helpers": "^5.0.1",
        "loose-envify": "^1.4.0",
        "prop-types": "^15.6.2"
      }
    },
    "regenerator-runtime": {
      "version": "0.13.7",
      "resolved": "https://registry.npmjs.org/regenerator-runtime/-/regenerator-runtime-0.13.7.tgz",
      "integrity": "sha512-a54FxoJDIr27pgf7IgeQGxmqUNYrcV338lf/6gH456HZ/PhX+5BcwHXG9ajESmwe6WRO0tAzRUrRmNONWgkrew=="
    },
    "tslib": {
      "version": "1.14.1",
      "resolved": "https://registry.npmjs.org/tslib/-/tslib-1.14.1.tgz",
      "integrity": "sha512-Xni35NKzjgMrwevysHTCArtLDpPvye8zV/0E4EyYn43P7/7qvQwPh9BGkHewbMulVntbigmcT7rdX3BNo9wRJg=="
    },
    "warning": {
      "version": "4.0.3",
      "resolved": "https://registry.npmjs.org/warning/-/warning-4.0.3.tgz",
      "integrity": "sha512-rpJyN222KWIvHJ/F53XSZv0Zl/accqHR8et1kpaMTD/fLCRxtV8iX8czMzY7sVZupTI3zcUTg8eycS2kNF9l6w==",
      "requires": {
        "loose-envify": "^1.0.0"
      }
    }
  }
}
