{
  "name": "@fellesdatakatalog/internal-footer",
  "version": "0.3.12",
  "lockfileVersion": 1,
  "requires": true,
  "dependencies": {
    "@babel/runtime": {
      "version": "7.17.2",
      "resolved": "https://registry.npmjs.org/@babel/runtime/-/runtime-7.17.2.tgz",
      "integrity": "sha512-hzeyJyMA1YGdJTuWU0e/j4wKXrU4OMFvY2MSlaI9B7VQb0r5cxTE3EAIS2Q7Tn2RIcDkRvTA/v2JsAEhxe99uw==",
      "requires": {
        "regenerator-runtime": "^0.13.4"
      }
    },
    "@fellesdatakatalog/link": {
      "version": "0.2.9",
      "resolved": "https://registry.npmjs.org/@fellesdatakatalog/link/-/link-0.2.9.tgz",
      "integrity": "sha512-4zpZiJhD5vziosIyJZXI5lihQ7pd0NrOelPrphdjJPY7OdMMxVxJf2FR2Q9ENp2IklxxNY5OcajL35NPl10c6g==",
      "requires": {
        "@fellesdatakatalog/theme": "^0.5.0"
      }
    },
    "@fellesdatakatalog/theme": {
      "version": "0.5.0",
      "resolved": "https://registry.npmjs.org/@fellesdatakatalog/theme/-/theme-0.5.0.tgz",
      "integrity": "sha512-/nzbONSHnCWuZjd28ZpC7KF51UxoVEvisrkqmLH4BNf3ZFOSUPr6E1qAesOC+C63pTzxjiNufbsdDz7xMTy15w=="
    },
    "@fluentui/date-time-utilities": {
      "version": "8.3.0",
      "resolved": "https://registry.npmjs.org/@fluentui/date-time-utilities/-/date-time-utilities-8.3.0.tgz",
      "integrity": "sha512-shSWwarh+ueDF22hIRL1T9bGA4epsP8QAIfYhpoK5ySr0Zg5RjqdNMM5IXzlTiXqE/LGe16CVrvyW2ksqfvQPg==",
      "requires": {
        "@fluentui/set-version": "^8.1.5",
        "tslib": "^2.1.0"
      }
    },
    "@fluentui/dom-utilities": {
      "version": "2.1.5",
      "resolved": "https://registry.npmjs.org/@fluentui/dom-utilities/-/dom-utilities-2.1.5.tgz",
      "integrity": "sha512-OLDYV5ZGIiK/JXx/DFFib4vSa7PELvznbdAujDcX2wjt3V3Lt2N5ucv59JsVxk5LlwXjasUHJI2NZadagmnM6A==",
      "requires": {
        "@fluentui/set-version": "^8.1.5",
        "tslib": "^2.1.0"
      }
    },
    "@fluentui/font-icons-mdl2": {
      "version": "8.1.24",
      "resolved": "https://registry.npmjs.org/@fluentui/font-icons-mdl2/-/font-icons-mdl2-8.1.24.tgz",
      "integrity": "sha512-FOg5ewo3uBLa2WM9kr+4UvCm/eXmMb/gk90is9Y4pi6PB1IemzVcwaLsuvEZHfm94qYOPsxate/P2wBAaOk0Qw==",
      "requires": {
        "@fluentui/set-version": "^8.1.5",
        "@fluentui/style-utilities": "^8.5.6",
        "tslib": "^2.1.0"
      }
    },
    "@fluentui/foundation-legacy": {
      "version": "8.1.23",
      "resolved": "https://registry.npmjs.org/@fluentui/foundation-legacy/-/foundation-legacy-8.1.23.tgz",
      "integrity": "sha512-MtQpaTPkcsYF4X7ac4exQv+87YyA9yo5uOVTwIZBpy34AVSawXSsnsyQk7CsoE2MFoBJZV37WgVb4GZ1th4A7g==",
      "requires": {
        "@fluentui/merge-styles": "^8.3.0",
        "@fluentui/set-version": "^8.1.5",
        "@fluentui/style-utilities": "^8.5.6",
        "@fluentui/utilities": "^8.4.2",
        "tslib": "^2.1.0"
      }
    },
    "@fluentui/keyboard-key": {
      "version": "0.3.5",
      "resolved": "https://registry.npmjs.org/@fluentui/keyboard-key/-/keyboard-key-0.3.5.tgz",
      "integrity": "sha512-qPNPnRtkC92b8Zjx3mJ6+vRX+pdmbDYcXP8zXb2NJ/briAQXYmyqdjJLUl2riVBcAC4H3cL6dTKLR9VAyqhdYQ==",
      "requires": {
        "tslib": "^2.1.0"
      }
    },
    "@fluentui/merge-styles": {
      "version": "8.3.0",
      "resolved": "https://registry.npmjs.org/@fluentui/merge-styles/-/merge-styles-8.3.0.tgz",
      "integrity": "sha512-qI61vWnmSuZYopMfWbEkTuDmnedmOYmsphTwflG6zif1EPV6h5u3dDUfHnmHMahywNOLOv5MOa+zVU0SCEHSAg==",
      "requires": {
        "@fluentui/set-version": "^8.1.5",
        "tslib": "^2.1.0"
      }
    },
    "@fluentui/react": {
      "version": "8.50.0",
      "resolved": "https://registry.npmjs.org/@fluentui/react/-/react-8.50.0.tgz",
      "integrity": "sha512-eaS5EE7QVAbkVaACh8Q5ONBzT3geq/uOAaK1Dq4h0GsodVNEYzspvdJsEkl51Nop5fsFAgBi2N0OL53hCh04lw==",
      "requires": {
        "@fluentui/date-time-utilities": "^8.2.3",
        "@fluentui/font-icons-mdl2": "^8.1.20",
        "@fluentui/foundation-legacy": "^8.1.19",
        "@fluentui/merge-styles": "^8.2.3",
        "@fluentui/react-focus": "^8.3.15",
        "@fluentui/react-hooks": "^8.3.9",
        "@fluentui/react-window-provider": "^2.1.6",
        "@fluentui/set-version": "^8.1.5",
        "@fluentui/style-utilities": "^8.5.2",
        "@fluentui/theme": "^2.4.6",
        "@fluentui/utilities": "^8.3.9",
        "@microsoft/load-themed-styles": "^1.10.26",
        "tslib": "^2.1.0"
      }
    },
    "@fluentui/react-focus": {
      "version": "8.3.19",
      "resolved": "https://registry.npmjs.org/@fluentui/react-focus/-/react-focus-8.3.19.tgz",
      "integrity": "sha512-Jv42Vf49ykIbFRDz0EFT8DJJNIaCeuR1piwkSF3/RFkYCitiyVf/PBadgrdVA0vNygUTdue1OscuTzQlPWIClA==",
      "requires": {
        "@fluentui/keyboard-key": "^0.3.5",
        "@fluentui/merge-styles": "^8.3.0",
        "@fluentui/set-version": "^8.1.5",
        "@fluentui/style-utilities": "^8.5.6",
        "@fluentui/utilities": "^8.4.2",
        "tslib": "^2.1.0"
      }
    },
    "@fluentui/react-hooks": {
      "version": "8.3.13",
      "resolved": "https://registry.npmjs.org/@fluentui/react-hooks/-/react-hooks-8.3.13.tgz",
      "integrity": "sha512-TeKwUBwoCBD+KeO4Mz0V7ThKRpip7W0Xr2PvmOPSmYf6MJGW3NW+77ddTeDD36xT9HjhbCI5SnK29sYm67bGJA==",
      "requires": {
        "@fluentui/react-window-provider": "^2.1.6",
        "@fluentui/set-version": "^8.1.5",
        "@fluentui/utilities": "^8.4.2",
        "tslib": "^2.1.0"
      }
    },
    "@fluentui/react-window-provider": {
      "version": "2.1.6",
      "resolved": "https://registry.npmjs.org/@fluentui/react-window-provider/-/react-window-provider-2.1.6.tgz",
      "integrity": "sha512-Fr1THmtn/Kx95/WVXI1qIELX2VHpuGYVKWSpdgbpcmKukvk30h4JG6kKMGYPz3r7UeaTzpaeIw537A9CJ2hVMg==",
      "requires": {
        "@fluentui/set-version": "^8.1.5",
        "tslib": "^2.1.0"
      }
    },
    "@fluentui/set-version": {
      "version": "8.1.5",
      "resolved": "https://registry.npmjs.org/@fluentui/set-version/-/set-version-8.1.5.tgz",
      "integrity": "sha512-AfaycaduWd/aErqEmrAUWpr2gpZrkaSe6D9noXhtVH3JlreRuFM78Ji1oE4f8cpWxSA/K5qb7BT6x4z4I2Bs+A==",
      "requires": {
        "tslib": "^2.1.0"
      }
    },
    "@fluentui/style-utilities": {
      "version": "8.5.6",
      "resolved": "https://registry.npmjs.org/@fluentui/style-utilities/-/style-utilities-8.5.6.tgz",
      "integrity": "sha512-yLy2esalKY9LKRCodtVRcLqrxkIyD/9TZOBbOhndW6qziSghCRCAnBABMCjs8u++615dSp97fqAnfKIJ5FcriA==",
      "requires": {
        "@fluentui/merge-styles": "^8.3.0",
        "@fluentui/set-version": "^8.1.5",
        "@fluentui/theme": "^2.4.10",
        "@fluentui/utilities": "^8.4.2",
        "@microsoft/load-themed-styles": "^1.10.26",
        "tslib": "^2.1.0"
      }
    },
    "@fluentui/theme": {
      "version": "2.4.10",
      "resolved": "https://registry.npmjs.org/@fluentui/theme/-/theme-2.4.10.tgz",
      "integrity": "sha512-vSwj1ebwsGvlU0TUwe8+Xq1nTMylmsH5CrcvWcUroKZQ9YPThwUqR86UBZosHZd54ujSijLSp60WkCZgPpXsNQ==",
      "requires": {
        "@fluentui/merge-styles": "^8.3.0",
        "@fluentui/set-version": "^8.1.5",
        "@fluentui/utilities": "^8.4.2",
        "tslib": "^2.1.0"
      }
    },
    "@fluentui/utilities": {
      "version": "8.4.2",
      "resolved": "https://registry.npmjs.org/@fluentui/utilities/-/utilities-8.4.2.tgz",
      "integrity": "sha512-9EGUq2eD4uIBDNMx4MkXBJz8GCqUf9GD8N89wPOOiN79WqI6DsTGsjvxOcYyu/Jq27qCnl8m9jDSv5JcrC21OA==",
      "requires": {
        "@fluentui/dom-utilities": "^2.1.5",
        "@fluentui/merge-styles": "^8.3.0",
        "@fluentui/set-version": "^8.1.5",
        "tslib": "^2.1.0"
      }
    },
    "@microsoft/load-themed-styles": {
      "version": "1.10.247",
      "resolved": "https://registry.npmjs.org/@microsoft/load-themed-styles/-/load-themed-styles-1.10.247.tgz",
      "integrity": "sha512-vKbuG3Mcbc4kkNAcIE13aIv5KoI2g+tHFFIZnFhtUilpYHc0VsMd4Fw7Jz81A8AB7L3wWu3OZB2CNiRnr1a3ew=="
    },
    "@skatteetaten/frontend-components": {
      "version": "5.0.2",
      "resolved": "https://registry.npmjs.org/@skatteetaten/frontend-components/-/frontend-components-5.0.2.tgz",
      "integrity": "sha512-SDasQRPJvqBPUJ76xHQux7jI4+Rm8Vz7HZPNfBcu8ZxF7GpfnipG0ishbswaLPQeToGXOvNA1tq6kkcFZ0lK0Q==",
      "requires": {
        "@fluentui/react": "8.50.0",
        "axios": "0.24.0",
        "classnames": "2.2.6",
        "hotkeys-js": "3.8.1",
        "i18next": "20.6.0",
        "moment": "2.29.1",
        "prop-types": "15.7.2",
        "react-i18next": "11.11.4",
        "react-transition-group": "4.4.2"
      }
    },
    "axios": {
      "version": "0.24.0",
      "resolved": "https://registry.npmjs.org/axios/-/axios-0.24.0.tgz",
      "integrity": "sha512-Q6cWsys88HoPgAaFAVUb0WpPk0O8iTeisR9IMqy9G8AbO4NlpVknrnQS03zzF9PGAWgO3cgletO3VjV/P7VztA==",
      "requires": {
        "follow-redirects": "^1.14.4"
      }
    },
    "classnames": {
      "version": "2.2.6",
      "resolved": "https://registry.npmjs.org/classnames/-/classnames-2.2.6.tgz",
      "integrity": "sha512-JR/iSQOSt+LQIWwrwEzJ9uk0xfN3mTVYMwt1Ir5mUcSN6pU+V4zQFFaJsclJbPuAUQH+yfWef6tm7l1quW3C8Q=="
    },
    "csstype": {
      "version": "3.0.10",
      "resolved": "https://registry.npmjs.org/csstype/-/csstype-3.0.10.tgz",
      "integrity": "sha512-2u44ZG2OcNUO9HDp/Jl8C07x6pU/eTR3ncV91SiK3dhG9TWvRVsCoJw14Ckx5DgWkzGA3waZWO3d7pgqpUI/XA=="
    },
    "dom-helpers": {
      "version": "5.2.1",
      "resolved": "https://registry.npmjs.org/dom-helpers/-/dom-helpers-5.2.1.tgz",
      "integrity": "sha512-nRCa7CK3VTrM2NmGkIy4cbK7IZlgBE/PYMn55rrXefr5xXDP0LdtfPnblFDoVdcAfslJ7or6iqAUnx0CCGIWQA==",
      "requires": {
        "@babel/runtime": "^7.8.7",
        "csstype": "^3.0.2"
      }
    },
    "follow-redirects": {
      "version": "1.14.9",
      "resolved": "https://registry.npmjs.org/follow-redirects/-/follow-redirects-1.14.9.tgz",
      "integrity": "sha512-MQDfihBQYMcyy5dhRDJUHcw7lb2Pv/TuE6xP1vyraLukNDHKbDxDNaOE3NbCAdKQApno+GPRyo1YAp89yCjK4w=="
    },
    "hotkeys-js": {
      "version": "3.8.1",
      "resolved": "https://registry.npmjs.org/hotkeys-js/-/hotkeys-js-3.8.1.tgz",
      "integrity": "sha512-YlhVQtyG9f1b7GhtzdhR0Pl+cImD1ZrKI6zYUa7QLd0zuThiL7RzZ+ANJyy7z+kmcCpNYBf5PjBa3CjiQ5PFpw=="
    },
    "html-parse-stringify": {
      "version": "3.0.1",
      "resolved": "https://registry.npmjs.org/html-parse-stringify/-/html-parse-stringify-3.0.1.tgz",
      "integrity": "sha512-KknJ50kTInJ7qIScF3jeaFRpMpE8/lfiTdzf/twXyPBLAGrLRTmkz3AdTnKeh40X8k9L2fdYwEp/42WGXIRGcg==",
      "requires": {
        "void-elements": "3.1.0"
      }
    },
    "i18next": {
      "version": "20.6.0",
      "resolved": "https://registry.npmjs.org/i18next/-/i18next-20.6.0.tgz",
      "integrity": "sha512-sgt7AkvxUQbW5dsA7p5AYq7tBOIdm9K7c4wAppsbt5l0Hynqs7FTsa0bA0Exy+PUR17+IOcg3KVCaILc1OAOxQ==",
      "requires": {
        "@babel/runtime": "^7.12.0"
      }
    },
    "js-tokens": {
      "version": "4.0.0",
      "resolved": "https://registry.npmjs.org/js-tokens/-/js-tokens-4.0.0.tgz",
      "integrity": "sha512-RdJUflcE3cUzKiMqQgsCu06FPu9UdIJO0beYbPhHN4k6apgJtifcoCtT9bcxOpYBtpD2kCM6Sbzg4CausW/PKQ=="
    },
    "loose-envify": {
      "version": "1.4.0",
      "resolved": "https://registry.npmjs.org/loose-envify/-/loose-envify-1.4.0.tgz",
      "integrity": "sha512-lyuxPGr/Wfhrlem2CL/UcnUc1zcqKAImBDzukY7Y5F/yQiNdko6+fRLevlw1HgMySw7f611UIY408EtxRSoK3Q==",
      "requires": {
        "js-tokens": "^3.0.0 || ^4.0.0"
      }
    },
    "moment": {
      "version": "2.29.1",
      "resolved": "https://registry.npmjs.org/moment/-/moment-2.29.1.tgz",
      "integrity": "sha512-kHmoybcPV8Sqy59DwNDY3Jefr64lK/by/da0ViFcuA4DH0vQg5Q6Ze5VimxkfQNSC+Mls/Kx53s7TjP1RhFEDQ=="
    },
    "object-assign": {
      "version": "4.1.1",
      "resolved": "https://registry.npmjs.org/object-assign/-/object-assign-4.1.1.tgz",
      "integrity": "sha1-IQmtx5ZYh8/AXLvUQsrIv7s2CGM="
    },
    "prop-types": {
      "version": "15.7.2",
      "resolved": "https://registry.npmjs.org/prop-types/-/prop-types-15.7.2.tgz",
      "integrity": "sha512-8QQikdH7//R2vurIJSutZ1smHYTcLpRWEOlHnzcWHmBYrOGUysKwSsrC89BCiFj3CbrfJ/nXFdJepOVrY1GCHQ==",
      "requires": {
        "loose-envify": "^1.4.0",
        "object-assign": "^4.1.1",
        "react-is": "^16.8.1"
      }
    },
    "react-i18next": {
      "version": "11.11.4",
      "resolved": "https://registry.npmjs.org/react-i18next/-/react-i18next-11.11.4.tgz",
      "integrity": "sha512-ayWFlu8Sc7GAxW1PzMaPtzq+yiozWMxs0P1WeITNVzXAVRhC0Httkzw/IiODBta6seJRBCLrtUeFUSXhAIxlRg==",
      "requires": {
        "@babel/runtime": "^7.14.5",
        "html-parse-stringify": "^3.0.1"
      }
    },
    "react-is": {
      "version": "16.13.1",
      "resolved": "https://registry.npmjs.org/react-is/-/react-is-16.13.1.tgz",
      "integrity": "sha512-24e6ynE2H+OKt4kqsOvNd8kBpV65zoxbA4BVsEOB3ARVWQki/DHzaUoC5KuON/BiccDaCCTZBuOcfZs70kR8bQ=="
    },
    "react-transition-group": {
      "version": "4.4.2",
      "resolved": "https://registry.npmjs.org/react-transition-group/-/react-transition-group-4.4.2.tgz",
      "integrity": "sha512-/RNYfRAMlZwDSr6z4zNKV6xu53/e2BuaBbGhbyYIXTrmgu/bGHzmqOs7mJSJBHy9Ud+ApHx3QjrkKSp1pxvlFg==",
      "requires": {
        "@babel/runtime": "^7.5.5",
        "dom-helpers": "^5.0.1",
        "loose-envify": "^1.4.0",
        "prop-types": "^15.6.2"
      }
    },
    "regenerator-runtime": {
      "version": "0.13.9",
      "resolved": "https://registry.npmjs.org/regenerator-runtime/-/regenerator-runtime-0.13.9.tgz",
      "integrity": "sha512-p3VT+cOEgxFsRRA9X4lkI1E+k2/CtnKtU4gcxyaCUreilL/vqI6CdZ3wxVUx3UOUg+gnUOQQcRI7BmSI656MYA=="
    },
    "tslib": {
      "version": "2.3.1",
      "resolved": "https://registry.npmjs.org/tslib/-/tslib-2.3.1.tgz",
      "integrity": "sha512-77EbyPPpMz+FRFRuAFlWMtmgUWGe9UOG2Z25NqCwiIjRhOf5iKGuzSe5P2w1laq+FkRy4p+PCuVkJSGkzTEKVw=="
    },
    "void-elements": {
      "version": "3.1.0",
      "resolved": "https://registry.npmjs.org/void-elements/-/void-elements-3.1.0.tgz",
      "integrity": "sha1-YU9/v42AHwu18GYfWy9XhXUOTwk="
    }
  }
}
