{
  "name": "@fellesdatakatalog/internal-footer",
  "version": "0.3.12",
  "lockfileVersion": 1,
  "requires": true,
  "dependencies": {
    "@babel/runtime": {
      "version": "7.17.9",
      "resolved": "https://registry.npmjs.org/@babel/runtime/-/runtime-7.17.9.tgz",
      "integrity": "sha512-lSiBBvodq29uShpWGNbgFdKYNiFDo5/HIYsaCEY9ff4sb10x9jizo2+pRrSyF4jKZCXqgzuqBOQKbUm90gQwJg==",
      "requires": {
        "regenerator-runtime": "^0.13.4"
      }
    },
    "@fellesdatakatalog/link": {
      "version": "0.2.10",
      "resolved": "https://registry.npmjs.org/@fellesdatakatalog/link/-/link-0.2.10.tgz",
      "integrity": "sha512-UprnYUJSFSdtiMaVvi9X3kdp07kbi5MKwdTc/2D0rkU6SrGaOt0LZ/HNCxVHE51WWe/G2OSF/6GBhVU7OJh+Tg==",
      "requires": {
        "@fellesdatakatalog/theme": "^0.5.1"
      }
    },
    "@fellesdatakatalog/theme": {
      "version": "0.5.1",
      "resolved": "https://registry.npmjs.org/@fellesdatakatalog/theme/-/theme-0.5.1.tgz",
      "integrity": "sha512-6fiqGcN7rAmylOSTS80LCOg76dJSyRRsqqNJdAjp2b6xx/znhdpfKyQvep8PbgpzGqUbtz2KvaVIVdCftiHnBw=="
    },
    "@fluentui/date-time-utilities": {
      "version": "8.5.0",
      "resolved": "https://registry.npmjs.org/@fluentui/date-time-utilities/-/date-time-utilities-8.5.0.tgz",
      "integrity": "sha512-SddqPNEA5PBxZLvRY9ej2//iTzNWFqBt9kZ9rjieBlRtFPjztnDV10Zq3xlR6ss79dwkiP+S+SP4SmI2xuckHA==",
      "requires": {
        "@fluentui/set-version": "^8.2.0",
        "tslib": "^2.1.0"
      }
    },
    "@fluentui/dom-utilities": {
      "version": "2.2.0",
      "resolved": "https://registry.npmjs.org/@fluentui/dom-utilities/-/dom-utilities-2.2.0.tgz",
      "integrity": "sha512-M4SmXu428wwQLu1iw6ST07iACjdKY5HiU+xpcgD3IQMMQazgN616GDzc6KZ1ebuBsF7B4TyQS7KZh9mfxnnldg==",
      "requires": {
        "@fluentui/set-version": "^8.2.0",
        "tslib": "^2.1.0"
      }
    },
    "@fluentui/font-icons-mdl2": {
      "version": "8.3.2",
      "resolved": "https://registry.npmjs.org/@fluentui/font-icons-mdl2/-/font-icons-mdl2-8.3.2.tgz",
      "integrity": "sha512-yC9+Gzc6JDKkiwxpa0l1fgjy0yTxlO5Afk1Y/gQkeZFCdJh8jhUVKCZMcgZijwu+bZCJ2DbhayKGiqOjHVrFAA==",
      "requires": {
        "@fluentui/set-version": "^8.2.0",
        "@fluentui/style-utilities": "^8.6.6",
        "@fluentui/utilities": "^8.8.2",
        "tslib": "^2.1.0"
      }
    },
    "@fluentui/foundation-legacy": {
      "version": "8.2.6",
      "resolved": "https://registry.npmjs.org/@fluentui/foundation-legacy/-/foundation-legacy-8.2.6.tgz",
      "integrity": "sha512-exjlFBqtxoFdz9gAg106iTtYhdtvztUHWcpxENwBGfSyFdQNKBuitQPvR5V5xO2snWxJCo/UNK3YWjgTm7UB/A==",
      "requires": {
        "@fluentui/merge-styles": "^8.5.1",
        "@fluentui/set-version": "^8.2.0",
        "@fluentui/style-utilities": "^8.6.6",
        "@fluentui/utilities": "^8.8.2",
        "tslib": "^2.1.0"
      }
    },
    "@fluentui/keyboard-key": {
      "version": "0.4.0",
      "resolved": "https://registry.npmjs.org/@fluentui/keyboard-key/-/keyboard-key-0.4.0.tgz",
      "integrity": "sha512-2jcD23FzOPaSXqWtfOSCzopkKtxTXUFuHZyVt4aqVRDEjPbkQ/7p37O1WL95xweWTR/9fEPO/gPtv9kOnXrJcA==",
      "requires": {
        "tslib": "^2.1.0"
      }
    },
    "@fluentui/merge-styles": {
      "version": "8.5.1",
      "resolved": "https://registry.npmjs.org/@fluentui/merge-styles/-/merge-styles-8.5.1.tgz",
      "integrity": "sha512-jzTyqhockpunkFKbEK+8sBP2cbgLllcmcWdTkCrxb+8CxLXD5bMWGMgUiI99Xz7+G/01QBMgAHOngKC05dVS7A==",
      "requires": {
        "@fluentui/set-version": "^8.2.0",
        "tslib": "^2.1.0"
      }
    },
    "@fluentui/react": {
      "version": "8.60.1",
      "resolved": "https://registry.npmjs.org/@fluentui/react/-/react-8.60.1.tgz",
      "integrity": "sha512-hNrLmDBkMvATDtWFeSTy5Qc41kqEti5ZOgIPrWU2MbSKSG00yiIEMcpdB3yUXR61EifX3m64QjCaEsPHgajuCQ==",
      "requires": {
        "@fluentui/date-time-utilities": "^8.4.0",
        "@fluentui/font-icons-mdl2": "^8.2.2",
        "@fluentui/foundation-legacy": "^8.2.2",
        "@fluentui/merge-styles": "^8.4.0",
        "@fluentui/react-focus": "^8.5.2",
        "@fluentui/react-hooks": "^8.5.1",
        "@fluentui/react-window-provider": "^2.2.0",
        "@fluentui/set-version": "^8.2.0",
        "@fluentui/style-utilities": "^8.6.2",
        "@fluentui/theme": "^2.6.1",
        "@fluentui/utilities": "^8.7.0",
        "@microsoft/load-themed-styles": "^1.10.26",
        "tslib": "^2.1.0"
      }
    },
    "@fluentui/react-focus": {
      "version": "8.5.7",
      "resolved": "https://registry.npmjs.org/@fluentui/react-focus/-/react-focus-8.5.7.tgz",
      "integrity": "sha512-5pL5Tbtu5eGtKMNYSHpZ7pNd/gR+Ge2Ye9r8UjphX2X3xYm0/Q0ktjRO1xdPDi7KW20I3GgLDviCW2atSxqIBw==",
      "requires": {
        "@fluentui/keyboard-key": "^0.4.0",
        "@fluentui/merge-styles": "^8.5.1",
        "@fluentui/set-version": "^8.2.0",
        "@fluentui/style-utilities": "^8.6.6",
        "@fluentui/utilities": "^8.8.2",
        "tslib": "^2.1.0"
      }
    },
    "@fluentui/react-hooks": {
      "version": "8.5.4",
      "resolved": "https://registry.npmjs.org/@fluentui/react-hooks/-/react-hooks-8.5.4.tgz",
      "integrity": "sha512-WEU+NCrc080v631KFetcqNfXUBReX91cPbDyo8gi3M5babObs/m913SeV/m2llLKVCAelLVEIGw33QlQsGAK3g==",
      "requires": {
        "@fluentui/react-window-provider": "^2.2.0",
        "@fluentui/set-version": "^8.2.0",
        "@fluentui/utilities": "^8.8.2",
        "tslib": "^2.1.0"
      }
    },
    "@fluentui/react-window-provider": {
      "version": "2.2.0",
      "resolved": "https://registry.npmjs.org/@fluentui/react-window-provider/-/react-window-provider-2.2.0.tgz",
      "integrity": "sha512-1iZzfVQHZQn6IJSJD1pxnXi5H8T3vrZYi9aqKyVIPZ12DCTVE2gw8W3mnOjsfVuXMGdv1sA7dgd6v4xi9erBow==",
      "requires": {
        "@fluentui/set-version": "^8.2.0",
        "tslib": "^2.1.0"
      }
    },
    "@fluentui/set-version": {
      "version": "8.2.0",
      "resolved": "https://registry.npmjs.org/@fluentui/set-version/-/set-version-8.2.0.tgz",
      "integrity": "sha512-bqjpfhqaIkBy16vdYzdc7tER9Td7BTcmC+kCXuqkHOQVuG9LJfqVGRV0DA857KLhOxiy0GXwKMeDbNV5jJf6qQ==",
      "requires": {
        "tslib": "^2.1.0"
      }
    },
    "@fluentui/style-utilities": {
      "version": "8.6.6",
      "resolved": "https://registry.npmjs.org/@fluentui/style-utilities/-/style-utilities-8.6.6.tgz",
      "integrity": "sha512-axMN7sq4W/YLuk0LiYPrg23e45Tkv89w9w6FCRnhj6JWja+inlK/IPh/qR2egOBkXU0iJY3g03KP0GMqqm5eWg==",
      "requires": {
        "@fluentui/merge-styles": "^8.5.1",
        "@fluentui/set-version": "^8.2.0",
        "@fluentui/theme": "^2.6.5",
        "@fluentui/utilities": "^8.8.2",
        "@microsoft/load-themed-styles": "^1.10.26",
        "tslib": "^2.1.0"
      }
    },
    "@fluentui/theme": {
      "version": "2.6.5",
      "resolved": "https://registry.npmjs.org/@fluentui/theme/-/theme-2.6.5.tgz",
      "integrity": "sha512-P22JpZSZoDjIWO5AxdPNjuDixqlhHvj8eEQB4Ilf/aYKXXzMI8HTc6eBcm9vQt3NKutzHsat3h+Jrstkw9H2YA==",
      "requires": {
        "@fluentui/merge-styles": "^8.5.1",
        "@fluentui/set-version": "^8.2.0",
        "@fluentui/utilities": "^8.8.2",
        "tslib": "^2.1.0"
      }
    },
    "@fluentui/utilities": {
      "version": "8.8.2",
      "resolved": "https://registry.npmjs.org/@fluentui/utilities/-/utilities-8.8.2.tgz",
      "integrity": "sha512-hmPS0NiKT1QfBHRX8hM9V179jlM1nt4JxBuzkb+52+XPYwcwBYZJfb4UaX0UhMJH7Em5xwc5Dy2AjNqPCOvnIg==",
      "requires": {
        "@fluentui/dom-utilities": "^2.2.0",
        "@fluentui/merge-styles": "^8.5.1",
        "@fluentui/set-version": "^8.2.0",
        "tslib": "^2.1.0"
      }
    },
    "@microsoft/load-themed-styles": {
      "version": "1.10.262",
      "resolved": "https://registry.npmjs.org/@microsoft/load-themed-styles/-/load-themed-styles-1.10.262.tgz",
      "integrity": "sha512-7phc9uUPqErVXiuq++fIIySsVFdmzg7rIr0rdMnWNFkpIbFwrL61M2ui1WFHvzGfmgU6l/q2OgCxn9uwt/OWmA=="
    },
    "@skatteetaten/frontend-components": {
      "version": "5.0.4",
      "resolved": "https://registry.npmjs.org/@skatteetaten/frontend-components/-/frontend-components-5.0.4.tgz",
      "integrity": "sha512-K42wWkHsxUz7CCgS9hqSkfx5+XEphCHGq/KhNiR8IvRuVrId4DDJ3zAYtt0H4nEZSTXDfd5233Fs9o0PPiRUng==",
      "requires": {
        "@fluentui/react": "8.60.1",
        "axios": "0.24.0",
        "classnames": "2.2.6",
        "hotkeys-js": "3.8.1",
        "i18next": "20.6.0",
        "moment": "2.29.1",
        "prop-types": "15.7.2",
        "react-i18next": "11.11.4",
        "react-transition-group": "4.4.2"
      }
    },
    "axios": {
      "version": "0.24.0",
      "resolved": "https://registry.npmjs.org/axios/-/axios-0.24.0.tgz",
      "integrity": "sha512-Q6cWsys88HoPgAaFAVUb0WpPk0O8iTeisR9IMqy9G8AbO4NlpVknrnQS03zzF9PGAWgO3cgletO3VjV/P7VztA==",
      "requires": {
        "follow-redirects": "^1.14.4"
      }
    },
    "classnames": {
      "version": "2.2.6",
      "resolved": "https://registry.npmjs.org/classnames/-/classnames-2.2.6.tgz",
      "integrity": "sha512-JR/iSQOSt+LQIWwrwEzJ9uk0xfN3mTVYMwt1Ir5mUcSN6pU+V4zQFFaJsclJbPuAUQH+yfWef6tm7l1quW3C8Q=="
    },
    "csstype": {
      "version": "3.0.11",
      "resolved": "https://registry.npmjs.org/csstype/-/csstype-3.0.11.tgz",
      "integrity": "sha512-sa6P2wJ+CAbgyy4KFssIb/JNMLxFvKF1pCYCSXS8ZMuqZnMsrxqI2E5sPyoTpxoPU/gVZMzr2zjOfg8GIZOMsw=="
    },
    "dom-helpers": {
      "version": "5.2.1",
      "resolved": "https://registry.npmjs.org/dom-helpers/-/dom-helpers-5.2.1.tgz",
      "integrity": "sha512-nRCa7CK3VTrM2NmGkIy4cbK7IZlgBE/PYMn55rrXefr5xXDP0LdtfPnblFDoVdcAfslJ7or6iqAUnx0CCGIWQA==",
      "requires": {
        "@babel/runtime": "^7.8.7",
        "csstype": "^3.0.2"
      }
    },
    "follow-redirects": {
      "version": "1.15.0",
      "resolved": "https://registry.npmjs.org/follow-redirects/-/follow-redirects-1.15.0.tgz",
      "integrity": "sha512-aExlJShTV4qOUOL7yF1U5tvLCB0xQuudbf6toyYA0E/acBNw71mvjFTnLaRp50aQaYocMR0a/RMMBIHeZnGyjQ=="
    },
    "hotkeys-js": {
      "version": "3.8.1",
      "resolved": "https://registry.npmjs.org/hotkeys-js/-/hotkeys-js-3.8.1.tgz",
      "integrity": "sha512-YlhVQtyG9f1b7GhtzdhR0Pl+cImD1ZrKI6zYUa7QLd0zuThiL7RzZ+ANJyy7z+kmcCpNYBf5PjBa3CjiQ5PFpw=="
    },
    "html-parse-stringify": {
      "version": "3.0.1",
      "resolved": "https://registry.npmjs.org/html-parse-stringify/-/html-parse-stringify-3.0.1.tgz",
      "integrity": "sha512-KknJ50kTInJ7qIScF3jeaFRpMpE8/lfiTdzf/twXyPBLAGrLRTmkz3AdTnKeh40X8k9L2fdYwEp/42WGXIRGcg==",
      "requires": {
        "void-elements": "3.1.0"
      }
    },
    "i18next": {
      "version": "20.6.0",
      "resolved": "https://registry.npmjs.org/i18next/-/i18next-20.6.0.tgz",
      "integrity": "sha512-sgt7AkvxUQbW5dsA7p5AYq7tBOIdm9K7c4wAppsbt5l0Hynqs7FTsa0bA0Exy+PUR17+IOcg3KVCaILc1OAOxQ==",
      "requires": {
        "@babel/runtime": "^7.12.0"
      }
    },
    "js-tokens": {
      "version": "4.0.0",
      "resolved": "https://registry.npmjs.org/js-tokens/-/js-tokens-4.0.0.tgz",
      "integrity": "sha512-RdJUflcE3cUzKiMqQgsCu06FPu9UdIJO0beYbPhHN4k6apgJtifcoCtT9bcxOpYBtpD2kCM6Sbzg4CausW/PKQ=="
    },
    "loose-envify": {
      "version": "1.4.0",
      "resolved": "https://registry.npmjs.org/loose-envify/-/loose-envify-1.4.0.tgz",
      "integrity": "sha512-lyuxPGr/Wfhrlem2CL/UcnUc1zcqKAImBDzukY7Y5F/yQiNdko6+fRLevlw1HgMySw7f611UIY408EtxRSoK3Q==",
      "requires": {
        "js-tokens": "^3.0.0 || ^4.0.0"
      }
    },
    "moment": {
      "version": "2.29.1",
      "resolved": "https://registry.npmjs.org/moment/-/moment-2.29.1.tgz",
      "integrity": "sha512-kHmoybcPV8Sqy59DwNDY3Jefr64lK/by/da0ViFcuA4DH0vQg5Q6Ze5VimxkfQNSC+Mls/Kx53s7TjP1RhFEDQ=="
    },
    "object-assign": {
      "version": "4.1.1",
      "resolved": "https://registry.npmjs.org/object-assign/-/object-assign-4.1.1.tgz",
      "integrity": "sha1-IQmtx5ZYh8/AXLvUQsrIv7s2CGM="
    },
    "prop-types": {
      "version": "15.7.2",
      "resolved": "https://registry.npmjs.org/prop-types/-/prop-types-15.7.2.tgz",
      "integrity": "sha512-8QQikdH7//R2vurIJSutZ1smHYTcLpRWEOlHnzcWHmBYrOGUysKwSsrC89BCiFj3CbrfJ/nXFdJepOVrY1GCHQ==",
      "requires": {
        "loose-envify": "^1.4.0",
        "object-assign": "^4.1.1",
        "react-is": "^16.8.1"
      }
    },
    "react-i18next": {
      "version": "11.11.4",
      "resolved": "https://registry.npmjs.org/react-i18next/-/react-i18next-11.11.4.tgz",
      "integrity": "sha512-ayWFlu8Sc7GAxW1PzMaPtzq+yiozWMxs0P1WeITNVzXAVRhC0Httkzw/IiODBta6seJRBCLrtUeFUSXhAIxlRg==",
      "requires": {
        "@babel/runtime": "^7.14.5",
        "html-parse-stringify": "^3.0.1"
      }
    },
    "react-is": {
      "version": "16.13.1",
      "resolved": "https://registry.npmjs.org/react-is/-/react-is-16.13.1.tgz",
      "integrity": "sha512-24e6ynE2H+OKt4kqsOvNd8kBpV65zoxbA4BVsEOB3ARVWQki/DHzaUoC5KuON/BiccDaCCTZBuOcfZs70kR8bQ=="
    },
    "react-transition-group": {
      "version": "4.4.2",
      "resolved": "https://registry.npmjs.org/react-transition-group/-/react-transition-group-4.4.2.tgz",
      "integrity": "sha512-/RNYfRAMlZwDSr6z4zNKV6xu53/e2BuaBbGhbyYIXTrmgu/bGHzmqOs7mJSJBHy9Ud+ApHx3QjrkKSp1pxvlFg==",
      "requires": {
        "@babel/runtime": "^7.5.5",
        "dom-helpers": "^5.0.1",
        "loose-envify": "^1.4.0",
        "prop-types": "^15.6.2"
      }
    },
    "regenerator-runtime": {
      "version": "0.13.9",
      "resolved": "https://registry.npmjs.org/regenerator-runtime/-/regenerator-runtime-0.13.9.tgz",
      "integrity": "sha512-p3VT+cOEgxFsRRA9X4lkI1E+k2/CtnKtU4gcxyaCUreilL/vqI6CdZ3wxVUx3UOUg+gnUOQQcRI7BmSI656MYA=="
    },
    "tslib": {
      "version": "2.4.0",
      "resolved": "https://registry.npmjs.org/tslib/-/tslib-2.4.0.tgz",
      "integrity": "sha512-d6xOpEDfsi2CZVlPQzGeux8XMwLT9hssAsaPYExaQMuYskwb+x1x7J371tWlbBdWHroy99KnVB6qIkUbs5X3UQ=="
    },
    "void-elements": {
      "version": "3.1.0",
      "resolved": "https://registry.npmjs.org/void-elements/-/void-elements-3.1.0.tgz",
      "integrity": "sha1-YU9/v42AHwu18GYfWy9XhXUOTwk="
    }
  }
}
